// !$*UTF8*$!
{
	archiveVersion = 1;
	classes = {
	};
	objectVersion = 46;
	objects = {

/* Begin PBXBuildFile section */
		48CFA2C91C7292DB0081A8E1 /* AppSelectionViewController.swift in Sources */ = {isa = PBXBuildFile; fileRef = 48CFA2C81C7292DB0081A8E1 /* AppSelectionViewController.swift */; };
		48CFA2CB1C72938E0081A8E1 /* DashboardViewController.swift in Sources */ = {isa = PBXBuildFile; fileRef = 48CFA2CA1C72938E0081A8E1 /* DashboardViewController.swift */; };
		48CFA2D31C73C02E0081A8E1 /* menuoptions.png in Resources */ = {isa = PBXBuildFile; fileRef = 48CFA2D21C73C02E0081A8E1 /* menuoptions.png */; };
		48CFA2D71C73C9550081A8E1 /* SWRevealViewController.m in Sources */ = {isa = PBXBuildFile; fileRef = 48CFA2D61C73C9550081A8E1 /* SWRevealViewController.m */; };
		48CFA2D91C73CD9C0081A8E1 /* BackTableVC.swift in Sources */ = {isa = PBXBuildFile; fileRef = 48CFA2D81C73CD9C0081A8E1 /* BackTableVC.swift */; };
		48D741A31C5AAE86008D082E /* AppDelegate.swift in Sources */ = {isa = PBXBuildFile; fileRef = 48D741A21C5AAE86008D082E /* AppDelegate.swift */; };
		48D741A51C5AAE86008D082E /* LoginViewController.swift in Sources */ = {isa = PBXBuildFile; fileRef = 48D741A41C5AAE86008D082E /* LoginViewController.swift */; };
		48D741A81C5AAE86008D082E /* Main.storyboard in Resources */ = {isa = PBXBuildFile; fileRef = 48D741A61C5AAE86008D082E /* Main.storyboard */; };
		48D741AA1C5AAE86008D082E /* Assets.xcassets in Resources */ = {isa = PBXBuildFile; fileRef = 48D741A91C5AAE86008D082E /* Assets.xcassets */; };
		48D741AD1C5AAE86008D082E /* LaunchScreen.storyboard in Resources */ = {isa = PBXBuildFile; fileRef = 48D741AB1C5AAE86008D082E /* LaunchScreen.storyboard */; };
		48D741B81C5AAE86008D082E /* CapstoneProjectSER402Tests.swift in Sources */ = {isa = PBXBuildFile; fileRef = 48D741B71C5AAE86008D082E /* CapstoneProjectSER402Tests.swift */; };
		48D741C31C5AAE86008D082E /* CapstoneProjectSER402UITests.swift in Sources */ = {isa = PBXBuildFile; fileRef = 48D741C21C5AAE86008D082E /* CapstoneProjectSER402UITests.swift */; };
		48D741D11C5AB574008D082E /* user.png in Resources */ = {isa = PBXBuildFile; fileRef = 48D741D01C5AB574008D082E /* user.png */; };
		48D741D31C5AB57C008D082E /* lock.png in Resources */ = {isa = PBXBuildFile; fileRef = 48D741D21C5AB57C008D082E /* lock.png */; };
		C19F0DC11C73E14F009BD594 /* binoculars-front-view.png in Resources */ = {isa = PBXBuildFile; fileRef = C19F0DC01C73E14F009BD594 /* binoculars-front-view.png */; };
		C19F0DC31C73E226009BD594 /* infographic-bars.png in Resources */ = {isa = PBXBuildFile; fileRef = C19F0DC21C73E226009BD594 /* infographic-bars.png */; };
		C19F0DC51C73E2C3009BD594 /* home-page.png in Resources */ = {isa = PBXBuildFile; fileRef = C19F0DC41C73E2C3009BD594 /* home-page.png */; };
		C19F0DC91C7455C6009BD594 /* man-user.png in Resources */ = {isa = PBXBuildFile; fileRef = C19F0DC81C7455C6009BD594 /* man-user.png */; };
		C19F0DCB1C745C7E009BD594 /* TicketViewController.swift in Sources */ = {isa = PBXBuildFile; fileRef = C19F0DCA1C745C7E009BD594 /* TicketViewController.swift */; };
		C19F0DCD1C745DB6009BD594 /* ChangeTicket.swift in Sources */ = {isa = PBXBuildFile; fileRef = C19F0DCC1C745DB6009BD594 /* ChangeTicket.swift */; };
/* End PBXBuildFile section */

/* Begin PBXContainerItemProxy section */
		48D741B41C5AAE86008D082E /* PBXContainerItemProxy */ = {
			isa = PBXContainerItemProxy;
			containerPortal = 48D741971C5AAE86008D082E /* Project object */;
			proxyType = 1;
			remoteGlobalIDString = 48D7419E1C5AAE86008D082E;
			remoteInfo = CapstoneProjectSER402;
		};
		48D741BF1C5AAE86008D082E /* PBXContainerItemProxy */ = {
			isa = PBXContainerItemProxy;
			containerPortal = 48D741971C5AAE86008D082E /* Project object */;
			proxyType = 1;
			remoteGlobalIDString = 48D7419E1C5AAE86008D082E;
			remoteInfo = CapstoneProjectSER402;
		};
/* End PBXContainerItemProxy section */

/* Begin PBXFileReference section */
		48CFA2C81C7292DB0081A8E1 /* AppSelectionViewController.swift */ = {isa = PBXFileReference; fileEncoding = 4; lastKnownFileType = sourcecode.swift; path = AppSelectionViewController.swift; sourceTree = "<group>"; };
		48CFA2CA1C72938E0081A8E1 /* DashboardViewController.swift */ = {isa = PBXFileReference; fileEncoding = 4; lastKnownFileType = sourcecode.swift; path = DashboardViewController.swift; sourceTree = "<group>"; };
		48CFA2D21C73C02E0081A8E1 /* menuoptions.png */ = {isa = PBXFileReference; lastKnownFileType = image.png; path = menuoptions.png; sourceTree = "<group>"; };
		48CFA2D41C73C9540081A8E1 /* CapstoneProjectSER402-Bridging-Header.h */ = {isa = PBXFileReference; lastKnownFileType = sourcecode.c.h; path = "CapstoneProjectSER402-Bridging-Header.h"; sourceTree = "<group>"; };
		48CFA2D51C73C9550081A8E1 /* SWRevealViewController.h */ = {isa = PBXFileReference; fileEncoding = 4; lastKnownFileType = sourcecode.c.h; path = SWRevealViewController.h; sourceTree = "<group>"; };
		48CFA2D61C73C9550081A8E1 /* SWRevealViewController.m */ = {isa = PBXFileReference; fileEncoding = 4; lastKnownFileType = sourcecode.c.objc; path = SWRevealViewController.m; sourceTree = "<group>"; };
		48CFA2D81C73CD9C0081A8E1 /* BackTableVC.swift */ = {isa = PBXFileReference; fileEncoding = 4; lastKnownFileType = sourcecode.swift; path = BackTableVC.swift; sourceTree = "<group>"; };
		48D7419F1C5AAE86008D082E /* CapstoneProjectSER402.app */ = {isa = PBXFileReference; explicitFileType = wrapper.application; includeInIndex = 0; path = CapstoneProjectSER402.app; sourceTree = BUILT_PRODUCTS_DIR; };
		48D741A21C5AAE86008D082E /* AppDelegate.swift */ = {isa = PBXFileReference; lastKnownFileType = sourcecode.swift; path = AppDelegate.swift; sourceTree = "<group>"; };
		48D741A41C5AAE86008D082E /* LoginViewController.swift */ = {isa = PBXFileReference; lastKnownFileType = sourcecode.swift; path = LoginViewController.swift; sourceTree = "<group>"; };
		48D741A71C5AAE86008D082E /* Base */ = {isa = PBXFileReference; lastKnownFileType = file.storyboard; name = Base; path = Base.lproj/Main.storyboard; sourceTree = "<group>"; };
		48D741A91C5AAE86008D082E /* Assets.xcassets */ = {isa = PBXFileReference; lastKnownFileType = folder.assetcatalog; path = Assets.xcassets; sourceTree = "<group>"; };
		48D741AC1C5AAE86008D082E /* Base */ = {isa = PBXFileReference; lastKnownFileType = file.storyboard; name = Base; path = Base.lproj/LaunchScreen.storyboard; sourceTree = "<group>"; };
		48D741AE1C5AAE86008D082E /* Info.plist */ = {isa = PBXFileReference; lastKnownFileType = text.plist.xml; path = Info.plist; sourceTree = "<group>"; };
		48D741B31C5AAE86008D082E /* CapstoneProjectSER402Tests.xctest */ = {isa = PBXFileReference; explicitFileType = wrapper.cfbundle; includeInIndex = 0; path = CapstoneProjectSER402Tests.xctest; sourceTree = BUILT_PRODUCTS_DIR; };
		48D741B71C5AAE86008D082E /* CapstoneProjectSER402Tests.swift */ = {isa = PBXFileReference; lastKnownFileType = sourcecode.swift; path = CapstoneProjectSER402Tests.swift; sourceTree = "<group>"; };
		48D741B91C5AAE86008D082E /* Info.plist */ = {isa = PBXFileReference; lastKnownFileType = text.plist.xml; path = Info.plist; sourceTree = "<group>"; };
		48D741BE1C5AAE86008D082E /* CapstoneProjectSER402UITests.xctest */ = {isa = PBXFileReference; explicitFileType = wrapper.cfbundle; includeInIndex = 0; path = CapstoneProjectSER402UITests.xctest; sourceTree = BUILT_PRODUCTS_DIR; };
		48D741C21C5AAE86008D082E /* CapstoneProjectSER402UITests.swift */ = {isa = PBXFileReference; lastKnownFileType = sourcecode.swift; path = CapstoneProjectSER402UITests.swift; sourceTree = "<group>"; };
		48D741C41C5AAE86008D082E /* Info.plist */ = {isa = PBXFileReference; lastKnownFileType = text.plist.xml; path = Info.plist; sourceTree = "<group>"; };
		48D741D01C5AB574008D082E /* user.png */ = {isa = PBXFileReference; lastKnownFileType = image.png; path = user.png; sourceTree = "<group>"; };
		48D741D21C5AB57C008D082E /* lock.png */ = {isa = PBXFileReference; lastKnownFileType = image.png; path = lock.png; sourceTree = "<group>"; };
		C19F0DC01C73E14F009BD594 /* binoculars-front-view.png */ = {isa = PBXFileReference; lastKnownFileType = image.png; path = "binoculars-front-view.png"; sourceTree = "<group>"; };
		C19F0DC21C73E226009BD594 /* infographic-bars.png */ = {isa = PBXFileReference; lastKnownFileType = image.png; path = "infographic-bars.png"; sourceTree = "<group>"; };
		C19F0DC41C73E2C3009BD594 /* home-page.png */ = {isa = PBXFileReference; lastKnownFileType = image.png; path = "home-page.png"; sourceTree = "<group>"; };
		C19F0DC81C7455C6009BD594 /* man-user.png */ = {isa = PBXFileReference; lastKnownFileType = image.png; path = "man-user.png"; sourceTree = "<group>"; };
		C19F0DCA1C745C7E009BD594 /* TicketViewController.swift */ = {isa = PBXFileReference; fileEncoding = 4; lastKnownFileType = sourcecode.swift; path = TicketViewController.swift; sourceTree = "<group>"; };
		C19F0DCC1C745DB6009BD594 /* ChangeTicket.swift */ = {isa = PBXFileReference; fileEncoding = 4; lastKnownFileType = sourcecode.swift; path = ChangeTicket.swift; sourceTree = "<group>"; };
/* End PBXFileReference section */

/* Begin PBXFrameworksBuildPhase section */
		48D7419C1C5AAE86008D082E /* Frameworks */ = {
			isa = PBXFrameworksBuildPhase;
			buildActionMask = 2147483647;
			files = (
			);
			runOnlyForDeploymentPostprocessing = 0;
		};
		48D741B01C5AAE86008D082E /* Frameworks */ = {
			isa = PBXFrameworksBuildPhase;
			buildActionMask = 2147483647;
			files = (
			);
			runOnlyForDeploymentPostprocessing = 0;
		};
		48D741BB1C5AAE86008D082E /* Frameworks */ = {
			isa = PBXFrameworksBuildPhase;
			buildActionMask = 2147483647;
			files = (
			);
			runOnlyForDeploymentPostprocessing = 0;
		};
/* End PBXFrameworksBuildPhase section */

/* Begin PBXGroup section */
		48D741961C5AAE86008D082E = {
			isa = PBXGroup;
			children = (
				48CFA2D81C73CD9C0081A8E1 /* BackTableVC.swift */,
				48D741A11C5AAE86008D082E /* CapstoneProjectSER402 */,
				48D741B61C5AAE86008D082E /* CapstoneProjectSER402Tests */,
				48D741C11C5AAE86008D082E /* CapstoneProjectSER402UITests */,
				48D741A01C5AAE86008D082E /* Products */,
			);
			sourceTree = "<group>";
		};
		48D741A01C5AAE86008D082E /* Products */ = {
			isa = PBXGroup;
			children = (
				48D7419F1C5AAE86008D082E /* CapstoneProjectSER402.app */,
				48D741B31C5AAE86008D082E /* CapstoneProjectSER402Tests.xctest */,
				48D741BE1C5AAE86008D082E /* CapstoneProjectSER402UITests.xctest */,
			);
			name = Products;
			sourceTree = "<group>";
		};
		48D741A11C5AAE86008D082E /* CapstoneProjectSER402 */ = {
			isa = PBXGroup;
			children = (
				48D741A21C5AAE86008D082E /* AppDelegate.swift */,
				48D741A41C5AAE86008D082E /* LoginViewController.swift */,
				48D741A61C5AAE86008D082E /* Main.storyboard */,
				48CFA2CA1C72938E0081A8E1 /* DashboardViewController.swift */,
				48CFA2C81C7292DB0081A8E1 /* AppSelectionViewController.swift */,
				48CFA2D51C73C9550081A8E1 /* SWRevealViewController.h */,
				48CFA2D61C73C9550081A8E1 /* SWRevealViewController.m */,
				48D741A91C5AAE86008D082E /* Assets.xcassets */,
				C19F0DC81C7455C6009BD594 /* man-user.png */,
				C19F0DC41C73E2C3009BD594 /* home-page.png */,
				C19F0DC01C73E14F009BD594 /* binoculars-front-view.png */,
				C19F0DC21C73E226009BD594 /* infographic-bars.png */,
				48D741D01C5AB574008D082E /* user.png */,
				48CFA2D21C73C02E0081A8E1 /* menuoptions.png */,
				48D741D21C5AB57C008D082E /* lock.png */,
				48D741AB1C5AAE86008D082E /* LaunchScreen.storyboard */,
				48D741AE1C5AAE86008D082E /* Info.plist */,
				48CFA2D41C73C9540081A8E1 /* CapstoneProjectSER402-Bridging-Header.h */,
				C19F0DCA1C745C7E009BD594 /* TicketViewController.swift */,
				C19F0DCC1C745DB6009BD594 /* ChangeTicket.swift */,
			);
			path = CapstoneProjectSER402;
			sourceTree = "<group>";
		};
		48D741B61C5AAE86008D082E /* CapstoneProjectSER402Tests */ = {
			isa = PBXGroup;
			children = (
				48D741B71C5AAE86008D082E /* CapstoneProjectSER402Tests.swift */,
				48D741B91C5AAE86008D082E /* Info.plist */,
			);
			path = CapstoneProjectSER402Tests;
			sourceTree = "<group>";
		};
		48D741C11C5AAE86008D082E /* CapstoneProjectSER402UITests */ = {
			isa = PBXGroup;
			children = (
				48D741C21C5AAE86008D082E /* CapstoneProjectSER402UITests.swift */,
				48D741C41C5AAE86008D082E /* Info.plist */,
			);
			path = CapstoneProjectSER402UITests;
			sourceTree = "<group>";
		};
/* End PBXGroup section */

/* Begin PBXNativeTarget section */
		48D7419E1C5AAE86008D082E /* CapstoneProjectSER402 */ = {
			isa = PBXNativeTarget;
			buildConfigurationList = 48D741C71C5AAE86008D082E /* Build configuration list for PBXNativeTarget "CapstoneProjectSER402" */;
			buildPhases = (
				48D7419B1C5AAE86008D082E /* Sources */,
				48D7419C1C5AAE86008D082E /* Frameworks */,
				48D7419D1C5AAE86008D082E /* Resources */,
			);
			buildRules = (
			);
			dependencies = (
			);
			name = CapstoneProjectSER402;
			productName = CapstoneProjectSER402;
			productReference = 48D7419F1C5AAE86008D082E /* CapstoneProjectSER402.app */;
			productType = "com.apple.product-type.application";
		};
		48D741B21C5AAE86008D082E /* CapstoneProjectSER402Tests */ = {
			isa = PBXNativeTarget;
			buildConfigurationList = 48D741CA1C5AAE86008D082E /* Build configuration list for PBXNativeTarget "CapstoneProjectSER402Tests" */;
			buildPhases = (
				48D741AF1C5AAE86008D082E /* Sources */,
				48D741B01C5AAE86008D082E /* Frameworks */,
				48D741B11C5AAE86008D082E /* Resources */,
			);
			buildRules = (
			);
			dependencies = (
				48D741B51C5AAE86008D082E /* PBXTargetDependency */,
			);
			name = CapstoneProjectSER402Tests;
			productName = CapstoneProjectSER402Tests;
			productReference = 48D741B31C5AAE86008D082E /* CapstoneProjectSER402Tests.xctest */;
			productType = "com.apple.product-type.bundle.unit-test";
		};
		48D741BD1C5AAE86008D082E /* CapstoneProjectSER402UITests */ = {
			isa = PBXNativeTarget;
			buildConfigurationList = 48D741CD1C5AAE86008D082E /* Build configuration list for PBXNativeTarget "CapstoneProjectSER402UITests" */;
			buildPhases = (
				48D741BA1C5AAE86008D082E /* Sources */,
				48D741BB1C5AAE86008D082E /* Frameworks */,
				48D741BC1C5AAE86008D082E /* Resources */,
			);
			buildRules = (
			);
			dependencies = (
				48D741C01C5AAE86008D082E /* PBXTargetDependency */,
			);
			name = CapstoneProjectSER402UITests;
			productName = CapstoneProjectSER402UITests;
			productReference = 48D741BE1C5AAE86008D082E /* CapstoneProjectSER402UITests.xctest */;
			productType = "com.apple.product-type.bundle.ui-testing";
		};
/* End PBXNativeTarget section */

/* Begin PBXProject section */
		48D741971C5AAE86008D082E /* Project object */ = {
			isa = PBXProject;
			attributes = {
				LastSwiftUpdateCheck = 0720;
				LastUpgradeCheck = 0720;
				ORGANIZATIONNAME = "Ramtin Nikbakht";
				TargetAttributes = {
					48D7419E1C5AAE86008D082E = {
						CreatedOnToolsVersion = 7.2;
						DevelopmentTeam = M446486524;
					};
					48D741B21C5AAE86008D082E = {
						CreatedOnToolsVersion = 7.2;
						DevelopmentTeam = M446486524;
						TestTargetID = 48D7419E1C5AAE86008D082E;
					};
					48D741BD1C5AAE86008D082E = {
						CreatedOnToolsVersion = 7.2;
						DevelopmentTeam = M446486524;
						TestTargetID = 48D7419E1C5AAE86008D082E;
					};
				};
			};
			buildConfigurationList = 48D7419A1C5AAE86008D082E /* Build configuration list for PBXProject "CapstoneProjectSER402" */;
			compatibilityVersion = "Xcode 3.2";
			developmentRegion = English;
			hasScannedForEncodings = 0;
			knownRegions = (
				en,
				Base,
			);
			mainGroup = 48D741961C5AAE86008D082E;
			productRefGroup = 48D741A01C5AAE86008D082E /* Products */;
			projectDirPath = "";
			projectRoot = "";
			targets = (
				48D7419E1C5AAE86008D082E /* CapstoneProjectSER402 */,
				48D741B21C5AAE86008D082E /* CapstoneProjectSER402Tests */,
				48D741BD1C5AAE86008D082E /* CapstoneProjectSER402UITests */,
			);
		};
/* End PBXProject section */

/* Begin PBXResourcesBuildPhase section */
		48D7419D1C5AAE86008D082E /* Resources */ = {
			isa = PBXResourcesBuildPhase;
			buildActionMask = 2147483647;
			files = (
				48D741AD1C5AAE86008D082E /* LaunchScreen.storyboard in Resources */,
				C19F0DC51C73E2C3009BD594 /* home-page.png in Resources */,
				48CFA2D31C73C02E0081A8E1 /* menuoptions.png in Resources */,
				C19F0DC91C7455C6009BD594 /* man-user.png in Resources */,
				48D741D31C5AB57C008D082E /* lock.png in Resources */,
				48D741AA1C5AAE86008D082E /* Assets.xcassets in Resources */,
				48D741D11C5AB574008D082E /* user.png in Resources */,
				C19F0DC11C73E14F009BD594 /* binoculars-front-view.png in Resources */,
				C19F0DC31C73E226009BD594 /* infographic-bars.png in Resources */,
				48D741A81C5AAE86008D082E /* Main.storyboard in Resources */,
			);
			runOnlyForDeploymentPostprocessing = 0;
		};
		48D741B11C5AAE86008D082E /* Resources */ = {
			isa = PBXResourcesBuildPhase;
			buildActionMask = 2147483647;
			files = (
			);
			runOnlyForDeploymentPostprocessing = 0;
		};
		48D741BC1C5AAE86008D082E /* Resources */ = {
			isa = PBXResourcesBuildPhase;
			buildActionMask = 2147483647;
			files = (
			);
			runOnlyForDeploymentPostprocessing = 0;
		};
/* End PBXResourcesBuildPhase section */

/* Begin PBXSourcesBuildPhase section */
		48D7419B1C5AAE86008D082E /* Sources */ = {
			isa = PBXSourcesBuildPhase;
			buildActionMask = 2147483647;
			files = (
				48CFA2C91C7292DB0081A8E1 /* AppSelectionViewController.swift in Sources */,
				48D741A51C5AAE86008D082E /* LoginViewController.swift in Sources */,
				48CFA2D91C73CD9C0081A8E1 /* BackTableVC.swift in Sources */,
				48CFA2D71C73C9550081A8E1 /* SWRevealViewController.m in Sources */,
				C19F0DCB1C745C7E009BD594 /* TicketViewController.swift in Sources */,
				48D741A31C5AAE86008D082E /* AppDelegate.swift in Sources */,
				48CFA2CB1C72938E0081A8E1 /* DashboardViewController.swift in Sources */,
				C19F0DCD1C745DB6009BD594 /* ChangeTicket.swift in Sources */,
			);
			runOnlyForDeploymentPostprocessing = 0;
		};
		48D741AF1C5AAE86008D082E /* Sources */ = {
			isa = PBXSourcesBuildPhase;
			buildActionMask = 2147483647;
			files = (
				48D741B81C5AAE86008D082E /* CapstoneProjectSER402Tests.swift in Sources */,
			);
			runOnlyForDeploymentPostprocessing = 0;
		};
		48D741BA1C5AAE86008D082E /* Sources */ = {
			isa = PBXSourcesBuildPhase;
			buildActionMask = 2147483647;
			files = (
				48D741C31C5AAE86008D082E /* CapstoneProjectSER402UITests.swift in Sources */,
			);
			runOnlyForDeploymentPostprocessing = 0;
		};
/* End PBXSourcesBuildPhase section */

/* Begin PBXTargetDependency section */
		48D741B51C5AAE86008D082E /* PBXTargetDependency */ = {
			isa = PBXTargetDependency;
			target = 48D7419E1C5AAE86008D082E /* CapstoneProjectSER402 */;
			targetProxy = 48D741B41C5AAE86008D082E /* PBXContainerItemProxy */;
		};
		48D741C01C5AAE86008D082E /* PBXTargetDependency */ = {
			isa = PBXTargetDependency;
			target = 48D7419E1C5AAE86008D082E /* CapstoneProjectSER402 */;
			targetProxy = 48D741BF1C5AAE86008D082E /* PBXContainerItemProxy */;
		};
/* End PBXTargetDependency section */

/* Begin PBXVariantGroup section */
		48D741A61C5AAE86008D082E /* Main.storyboard */ = {
			isa = PBXVariantGroup;
			children = (
				48D741A71C5AAE86008D082E /* Base */,
			);
			name = Main.storyboard;
			sourceTree = "<group>";
		};
		48D741AB1C5AAE86008D082E /* LaunchScreen.storyboard */ = {
			isa = PBXVariantGroup;
			children = (
				48D741AC1C5AAE86008D082E /* Base */,
			);
			name = LaunchScreen.storyboard;
			sourceTree = "<group>";
		};
/* End PBXVariantGroup section */

/* Begin XCBuildConfiguration section */
		48D741C51C5AAE86008D082E /* Debug */ = {
			isa = XCBuildConfiguration;
			buildSettings = {
				ALWAYS_SEARCH_USER_PATHS = NO;
				CLANG_CXX_LANGUAGE_STANDARD = "gnu++0x";
				CLANG_CXX_LIBRARY = "libc++";
				CLANG_ENABLE_MODULES = YES;
				CLANG_ENABLE_OBJC_ARC = YES;
				CLANG_WARN_BOOL_CONVERSION = YES;
				CLANG_WARN_CONSTANT_CONVERSION = YES;
				CLANG_WARN_DIRECT_OBJC_ISA_USAGE = YES_ERROR;
				CLANG_WARN_EMPTY_BODY = YES;
				CLANG_WARN_ENUM_CONVERSION = YES;
				CLANG_WARN_INT_CONVERSION = YES;
				CLANG_WARN_OBJC_ROOT_CLASS = YES_ERROR;
				CLANG_WARN_UNREACHABLE_CODE = YES;
				CLANG_WARN__DUPLICATE_METHOD_MATCH = YES;
				"CODE_SIGN_IDENTITY[sdk=iphoneos*]" = "iPhone Developer";
				COPY_PHASE_STRIP = NO;
				DEBUG_INFORMATION_FORMAT = dwarf;
				ENABLE_STRICT_OBJC_MSGSEND = YES;
				ENABLE_TESTABILITY = YES;
				GCC_C_LANGUAGE_STANDARD = gnu99;
				GCC_DYNAMIC_NO_PIC = NO;
				GCC_NO_COMMON_BLOCKS = YES;
				GCC_OPTIMIZATION_LEVEL = 0;
				GCC_PREPROCESSOR_DEFINITIONS = (
					"DEBUG=1",
					"$(inherited)",
				);
				GCC_WARN_64_TO_32_BIT_CONVERSION = YES;
				GCC_WARN_ABOUT_RETURN_TYPE = YES_ERROR;
				GCC_WARN_UNDECLARED_SELECTOR = YES;
				GCC_WARN_UNINITIALIZED_AUTOS = YES_AGGRESSIVE;
				GCC_WARN_UNUSED_FUNCTION = YES;
				GCC_WARN_UNUSED_VARIABLE = YES;
				IPHONEOS_DEPLOYMENT_TARGET = 9.2;
				MTL_ENABLE_DEBUG_INFO = YES;
				ONLY_ACTIVE_ARCH = YES;
				SDKROOT = iphoneos;
				SWIFT_OPTIMIZATION_LEVEL = "-Onone";
				TARGETED_DEVICE_FAMILY = "1,2";
			};
			name = Debug;
		};
		48D741C61C5AAE86008D082E /* Release */ = {
			isa = XCBuildConfiguration;
			buildSettings = {
				ALWAYS_SEARCH_USER_PATHS = NO;
				CLANG_CXX_LANGUAGE_STANDARD = "gnu++0x";
				CLANG_CXX_LIBRARY = "libc++";
				CLANG_ENABLE_MODULES = YES;
				CLANG_ENABLE_OBJC_ARC = YES;
				CLANG_WARN_BOOL_CONVERSION = YES;
				CLANG_WARN_CONSTANT_CONVERSION = YES;
				CLANG_WARN_DIRECT_OBJC_ISA_USAGE = YES_ERROR;
				CLANG_WARN_EMPTY_BODY = YES;
				CLANG_WARN_ENUM_CONVERSION = YES;
				CLANG_WARN_INT_CONVERSION = YES;
				CLANG_WARN_OBJC_ROOT_CLASS = YES_ERROR;
				CLANG_WARN_UNREACHABLE_CODE = YES;
				CLANG_WARN__DUPLICATE_METHOD_MATCH = YES;
				"CODE_SIGN_IDENTITY[sdk=iphoneos*]" = "iPhone Developer";
				COPY_PHASE_STRIP = NO;
				DEBUG_INFORMATION_FORMAT = "dwarf-with-dsym";
				ENABLE_NS_ASSERTIONS = NO;
				ENABLE_STRICT_OBJC_MSGSEND = YES;
				GCC_C_LANGUAGE_STANDARD = gnu99;
				GCC_NO_COMMON_BLOCKS = YES;
				GCC_WARN_64_TO_32_BIT_CONVERSION = YES;
				GCC_WARN_ABOUT_RETURN_TYPE = YES_ERROR;
				GCC_WARN_UNDECLARED_SELECTOR = YES;
				GCC_WARN_UNINITIALIZED_AUTOS = YES_AGGRESSIVE;
				GCC_WARN_UNUSED_FUNCTION = YES;
				GCC_WARN_UNUSED_VARIABLE = YES;
				IPHONEOS_DEPLOYMENT_TARGET = 9.2;
				MTL_ENABLE_DEBUG_INFO = NO;
				SDKROOT = iphoneos;
				TARGETED_DEVICE_FAMILY = "1,2";
				VALIDATE_PRODUCT = YES;
			};
			name = Release;
		};
		48D741C81C5AAE86008D082E /* Debug */ = {
			isa = XCBuildConfiguration;
			buildSettings = {
				ASSETCATALOG_COMPILER_APPICON_NAME = AppIcon;
				CLANG_ENABLE_MODULES = YES;
				INFOPLIST_FILE = CapstoneProjectSER402/Info.plist;
				LD_RUNPATH_SEARCH_PATHS = "$(inherited) @executable_path/Frameworks";
				PRODUCT_BUNDLE_IDENTIFIER = edu.asu.bsse.rnikbakh.CapstoneProjectSER402;
				PRODUCT_NAME = "$(TARGET_NAME)";
				SWIFT_OBJC_BRIDGING_HEADER = "CapstoneProjectSER402/CapstoneProjectSER402-Bridging-Header.h";
				SWIFT_OPTIMIZATION_LEVEL = "-Onone";
			};
			name = Debug;
		};
		48D741C91C5AAE86008D082E /* Release */ = {
			isa = XCBuildConfiguration;
			buildSettings = {
				ASSETCATALOG_COMPILER_APPICON_NAME = AppIcon;
				CLANG_ENABLE_MODULES = YES;
				INFOPLIST_FILE = CapstoneProjectSER402/Info.plist;
				LD_RUNPATH_SEARCH_PATHS = "$(inherited) @executable_path/Frameworks";
				PRODUCT_BUNDLE_IDENTIFIER = edu.asu.bsse.rnikbakh.CapstoneProjectSER402;
				PRODUCT_NAME = "$(TARGET_NAME)";
				SWIFT_OBJC_BRIDGING_HEADER = "CapstoneProjectSER402/CapstoneProjectSER402-Bridging-Header.h";
			};
			name = Release;
		};
		48D741CB1C5AAE86008D082E /* Debug */ = {
			isa = XCBuildConfiguration;
			buildSettings = {
				BUNDLE_LOADER = "$(TEST_HOST)";
				INFOPLIST_FILE = CapstoneProjectSER402Tests/Info.plist;
				LD_RUNPATH_SEARCH_PATHS = "$(inherited) @executable_path/Frameworks @loader_path/Frameworks";
				PRODUCT_BUNDLE_IDENTIFIER = edu.asu.bsse.rnikbakh.CapstoneProjectSER402Tests;
				PRODUCT_NAME = "$(TARGET_NAME)";
				TEST_HOST = "$(BUILT_PRODUCTS_DIR)/CapstoneProjectSER402.app/CapstoneProjectSER402";
			};
			name = Debug;
		};
		48D741CC1C5AAE86008D082E /* Release */ = {
			isa = XCBuildConfiguration;
			buildSettings = {
				BUNDLE_LOADER = "$(TEST_HOST)";
				INFOPLIST_FILE = CapstoneProjectSER402Tests/Info.plist;
				LD_RUNPATH_SEARCH_PATHS = "$(inherited) @executable_path/Frameworks @loader_path/Frameworks";
				PRODUCT_BUNDLE_IDENTIFIER = edu.asu.bsse.rnikbakh.CapstoneProjectSER402Tests;
				PRODUCT_NAME = "$(TARGET_NAME)";
				TEST_HOST = "$(BUILT_PRODUCTS_DIR)/CapstoneProjectSER402.app/CapstoneProjectSER402";
			};
			name = Release;
		};
		48D741CE1C5AAE86008D082E /* Debug */ = {
			isa = XCBuildConfiguration;
			buildSettings = {
				INFOPLIST_FILE = CapstoneProjectSER402UITests/Info.plist;
				LD_RUNPATH_SEARCH_PATHS = "$(inherited) @executable_path/Frameworks @loader_path/Frameworks";
				PRODUCT_BUNDLE_IDENTIFIER = edu.asu.bsse.rnikbakh.CapstoneProjectSER402UITests;
				PRODUCT_NAME = "$(TARGET_NAME)";
				TEST_TARGET_NAME = CapstoneProjectSER402;
				USES_XCTRUNNER = YES;
			};
			name = Debug;
		};
		48D741CF1C5AAE86008D082E /* Release */ = {
			isa = XCBuildConfiguration;
			buildSettings = {
				INFOPLIST_FILE = CapstoneProjectSER402UITests/Info.plist;
				LD_RUNPATH_SEARCH_PATHS = "$(inherited) @executable_path/Frameworks @loader_path/Frameworks";
				PRODUCT_BUNDLE_IDENTIFIER = edu.asu.bsse.rnikbakh.CapstoneProjectSER402UITests;
				PRODUCT_NAME = "$(TARGET_NAME)";
				TEST_TARGET_NAME = CapstoneProjectSER402;
				USES_XCTRUNNER = YES;
			};
			name = Release;
		};
/* End XCBuildConfiguration section */

/* Begin XCConfigurationList section */
		48D7419A1C5AAE86008D082E /* Build configuration list for PBXProject "CapstoneProjectSER402" */ = {
			isa = XCConfigurationList;
			buildConfigurations = (
				48D741C51C5AAE86008D082E /* Debug */,
				48D741C61C5AAE86008D082E /* Release */,
			);
			defaultConfigurationIsVisible = 0;
			defaultConfigurationName = Release;
		};
		48D741C71C5AAE86008D082E /* Build configuration list for PBXNativeTarget "CapstoneProjectSER402" */ = {
			isa = XCConfigurationList;
			buildConfigurations = (
				48D741C81C5AAE86008D082E /* Debug */,
				48D741C91C5AAE86008D082E /* Release */,
			);
			defaultConfigurationIsVisible = 0;
			defaultConfigurationName = Release;
		};
		48D741CA1C5AAE86008D082E /* Build configuration list for PBXNativeTarget "CapstoneProjectSER402Tests" */ = {
			isa = XCConfigurationList;
			buildConfigurations = (
				48D741CB1C5AAE86008D082E /* Debug */,
				48D741CC1C5AAE86008D082E /* Release */,
			);
			defaultConfigurationIsVisible = 0;
			defaultConfigurationName = Release;
		};
		48D741CD1C5AAE86008D082E /* Build configuration list for PBXNativeTarget "CapstoneProjectSER402UITests" */ = {
			isa = XCConfigurationList;
			buildConfigurations = (
				48D741CE1C5AAE86008D082E /* Debug */,
				48D741CF1C5AAE86008D082E /* Release */,
			);
			defaultConfigurationIsVisible = 0;
			defaultConfigurationName = Release;
		};
/* End XCConfigurationList section */
	};
	rootObject = 48D741971C5AAE86008D082E /* Project object */;
}
