// !$*UTF8*$!
{
	archiveVersion = 1;
	classes = {
	};
	objectVersion = 46;
	objects = {

/* Begin PBXBuildFile section */
		460338751CC7FB3E00CF17BC /* changeList_public.xml in Resources */ = {isa = PBXBuildFile; fileRef = 460338741CC7FB3E00CF17BC /* changeList_public.xml */; };
		462EB8481C990BF00076C28D /* AllstateLoginHeader.png in Resources */ = {isa = PBXBuildFile; fileRef = 462EB83C1C990BF00076C28D /* AllstateLoginHeader.png */; };
		462EB8491C990BF00076C28D /* AppSelectionViewController.swift in Sources */ = {isa = PBXBuildFile; fileRef = 462EB83D1C990BF00076C28D /* AppSelectionViewController.swift */; };
		462EB84A1C990BF00076C28D /* Base.lproj in Resources */ = {isa = PBXBuildFile; fileRef = 462EB83E1C990BF00076C28D /* Base.lproj */; };
		462EB84B1C990BF00076C28D /* BusinessApp.swift in Sources */ = {isa = PBXBuildFile; fileRef = 462EB83F1C990BF00076C28D /* BusinessApp.swift */; };
		462EB84D1C990BF00076C28D /* AppSelectionTableViewController.swift in Sources */ = {isa = PBXBuildFile; fileRef = 462EB8421C990BF00076C28D /* AppSelectionTableViewController.swift */; };
		462EB8511C990BF00076C28D /* WatchedTicketTableViewController.swift in Sources */ = {isa = PBXBuildFile; fileRef = 462EB8471C990BF00076C28D /* WatchedTicketTableViewController.swift */; };
		46A2AB121CA47C0E00F87C80 /* AnalysisViewController.swift in Sources */ = {isa = PBXBuildFile; fileRef = 46A2AB0D1CA47C0E00F87C80 /* AnalysisViewController.swift */; };
		46A2AB131CA47C0E00F87C80 /* SWRevealViewController.m in Sources */ = {isa = PBXBuildFile; fileRef = 46A2AB101CA47C0E00F87C80 /* SWRevealViewController.m */; };
		46A2AB141CA47C0E00F87C80 /* UserTypeSelectionViewController.swift in Sources */ = {isa = PBXBuildFile; fileRef = 46A2AB111CA47C0E00F87C80 /* UserTypeSelectionViewController.swift */; };
		46C1CF3D1CC70D0600969A0C /* changeList.xml in Resources */ = {isa = PBXBuildFile; fileRef = 46C1CF3C1CC70D0600969A0C /* changeList.xml */; };
		46C2F4351CC592CD00F256C5 /* MockData.swift in Sources */ = {isa = PBXBuildFile; fileRef = 46C2F4341CC592CD00F256C5 /* MockData.swift */; };
		46D0586C1CA3B79D005CFB61 /* AEXML.swift in Sources */ = {isa = PBXBuildFile; fileRef = 46D0586B1CA3B79D005CFB61 /* AEXML.swift */; };
		46E832A41C88DD81001C376F /* ChangeTicket_Table_Template.swift in Sources */ = {isa = PBXBuildFile; fileRef = 46E832A31C88DD81001C376F /* ChangeTicket_Table_Template.swift */; };
		46F792B61CA8F6E600F00404 /* ConnectionService.swift in Sources */ = {isa = PBXBuildFile; fileRef = 46F792B51CA8F6E600F00404 /* ConnectionService.swift */; };
		480D79201CB37A0B00C57410 /* UserTypeTableViewCell.swift in Sources */ = {isa = PBXBuildFile; fileRef = 480D791F1CB37A0B00C57410 /* UserTypeTableViewCell.swift */; };
		4818FE0D1CA498CF00B7EB47 /* settings-icon.png in Resources */ = {isa = PBXBuildFile; fileRef = 4818FE0C1CA498CF00B7EB47 /* settings-icon.png */; };
		4818FE121CA49CFA00B7EB47 /* SettingsTableViewController.swift in Sources */ = {isa = PBXBuildFile; fileRef = 4818FE111CA49CFA00B7EB47 /* SettingsTableViewController.swift */; };
		4852EEA91CAC6D280060CD3E /* AlertsTableViewCell.swift in Sources */ = {isa = PBXBuildFile; fileRef = 4852EEA81CAC6D280060CD3E /* AlertsTableViewCell.swift */; };
		4852EEAE1CAC71D80060CD3E /* ProfileTableViewCell.swift in Sources */ = {isa = PBXBuildFile; fileRef = 4852EEAD1CAC71D80060CD3E /* ProfileTableViewCell.swift */; };
		48993BED1C8CBB0A00EDA13E /* SelectUserTypeViewController.swift in Sources */ = {isa = PBXBuildFile; fileRef = 48993BEC1C8CBB0A00EDA13E /* SelectUserTypeViewController.swift */; };
		489AFBA81C7F6B3000E9DEB9 /* User.swift in Sources */ = {isa = PBXBuildFile; fileRef = 489AFBA71C7F6B3000E9DEB9 /* User.swift */; };
		489AFBAA1C7F8D2900E9DEB9 /* SetupContentViewController.swift in Sources */ = {isa = PBXBuildFile; fileRef = 489AFBA91C7F8D2900E9DEB9 /* SetupContentViewController.swift */; };
		489AFBAC1C7F8F5B00E9DEB9 /* WizardSetupViewController.swift in Sources */ = {isa = PBXBuildFile; fileRef = 489AFBAB1C7F8F5B00E9DEB9 /* WizardSetupViewController.swift */; };
		48CE447C1C8FB73D00BECD12 /* AppSelectionTableViewCell.swift in Sources */ = {isa = PBXBuildFile; fileRef = 48CE447B1C8FB73D00BECD12 /* AppSelectionTableViewCell.swift */; };
		48CFA2D31C73C02E0081A8E1 /* menuoptions.png in Resources */ = {isa = PBXBuildFile; fileRef = 48CFA2D21C73C02E0081A8E1 /* menuoptions.png */; };
		48D12C401CC6D57200857986 /* AppAreaSelectionTableViewController.swift in Sources */ = {isa = PBXBuildFile; fileRef = 48D12C3F1CC6D57200857986 /* AppAreaSelectionTableViewController.swift */; };
		48D12C451CC6D5D100857986 /* AppAreaTableViewCell.swift in Sources */ = {isa = PBXBuildFile; fileRef = 48D12C441CC6D5D100857986 /* AppAreaTableViewCell.swift */; };
		48D741A31C5AAE86008D082E /* AppDelegate.swift in Sources */ = {isa = PBXBuildFile; fileRef = 48D741A21C5AAE86008D082E /* AppDelegate.swift */; };
		48D741A51C5AAE86008D082E /* LoginViewController.swift in Sources */ = {isa = PBXBuildFile; fileRef = 48D741A41C5AAE86008D082E /* LoginViewController.swift */; };
		48D741A81C5AAE86008D082E /* Main.storyboard in Resources */ = {isa = PBXBuildFile; fileRef = 48D741A61C5AAE86008D082E /* Main.storyboard */; };
		48D741AA1C5AAE86008D082E /* Assets.xcassets in Resources */ = {isa = PBXBuildFile; fileRef = 48D741A91C5AAE86008D082E /* Assets.xcassets */; };
		48D741AD1C5AAE86008D082E /* LaunchScreen.storyboard in Resources */ = {isa = PBXBuildFile; fileRef = 48D741AB1C5AAE86008D082E /* LaunchScreen.storyboard */; };
		48D741B81C5AAE86008D082E /* CapstoneProjectSER402Tests.swift in Sources */ = {isa = PBXBuildFile; fileRef = 48D741B71C5AAE86008D082E /* CapstoneProjectSER402Tests.swift */; };
		48D741C31C5AAE86008D082E /* CapstoneProjectSER402UITests.swift in Sources */ = {isa = PBXBuildFile; fileRef = 48D741C21C5AAE86008D082E /* CapstoneProjectSER402UITests.swift */; };
		48D741D11C5AB574008D082E /* user.png in Resources */ = {isa = PBXBuildFile; fileRef = 48D741D01C5AB574008D082E /* user.png */; };
		48D741D31C5AB57C008D082E /* lock.png in Resources */ = {isa = PBXBuildFile; fileRef = 48D741D21C5AB57C008D082E /* lock.png */; };
		48D8FADB1CAB096900753943 /* AppsOptionTableViewCell.swift in Sources */ = {isa = PBXBuildFile; fileRef = 48D8FADA1CAB096900753943 /* AppsOptionTableViewCell.swift */; };
		C108ADEA1CAFB1DF00CB60F0 /* ArchiveTableViewController.swift in Sources */ = {isa = PBXBuildFile; fileRef = C108ADE91CAFB1DF00CB60F0 /* ArchiveTableViewController.swift */; };
		C108ADEC1CB1B9B500CB60F0 /* ArchiveTableViewCell.swift in Sources */ = {isa = PBXBuildFile; fileRef = C108ADEB1CB1B9B500CB60F0 /* ArchiveTableViewCell.swift */; };
		C108ADEF1CB204BC00CB60F0 /* expand_more.png in Resources */ = {isa = PBXBuildFile; fileRef = C108ADED1CB204BC00CB60F0 /* expand_more.png */; };
		C108ADF01CB204BC00CB60F0 /* expand_less.png in Resources */ = {isa = PBXBuildFile; fileRef = C108ADEE1CB204BC00CB60F0 /* expand_less.png */; };
		C108ADF41CB219A900CB60F0 /* archive.png in Resources */ = {isa = PBXBuildFile; fileRef = C108ADF31CB219A900CB60F0 /* archive.png */; };
		C121B52D1C80075B001F3B16 /* WatchedTicket.swift in Sources */ = {isa = PBXBuildFile; fileRef = C121B52C1C80075B001F3B16 /* WatchedTicket.swift */; };
		C121B52F1C8008CC001F3B16 /* WatchedTicketTableViewCell.swift in Sources */ = {isa = PBXBuildFile; fileRef = C121B52E1C8008CC001F3B16 /* WatchedTicketTableViewCell.swift */; };
		C12E73AC1CBE5D360091ECE9 /* emergency.png in Resources */ = {isa = PBXBuildFile; fileRef = C12E73AB1CBE5D360091ECE9 /* emergency.png */; };
		C12E73B91CC79EAB0091ECE9 /* ChangeTicketHeaderCell.swift in Sources */ = {isa = PBXBuildFile; fileRef = C12E73B81CC79EAB0091ECE9 /* ChangeTicketHeaderCell.swift */; };
		C142E6551C9BEC5A005F1DEC /* TicketModel.swift in Sources */ = {isa = PBXBuildFile; fileRef = C142E6541C9BEC5A005F1DEC /* TicketModel.swift */; };
		C14333831CA0E9540083CA88 /* Charts in Resources */ = {isa = PBXBuildFile; fileRef = C14333821CA0E9540083CA88 /* Charts */; };
		C14333931CA0E9CF0083CA88 /* Charts.framework in Frameworks */ = {isa = PBXBuildFile; fileRef = C143338C1CA0E99B0083CA88 /* Charts.framework */; };
		C14333941CA0E9CF0083CA88 /* Charts.framework in Embed Frameworks */ = {isa = PBXBuildFile; fileRef = C143338C1CA0E99B0083CA88 /* Charts.framework */; settings = {ATTRIBUTES = (CodeSignOnCopy, RemoveHeadersOnCopy, ); }; };
		C14333A61CA4146D0083CA88 /* CustomHeaderCell.swift in Sources */ = {isa = PBXBuildFile; fileRef = C14333A51CA4146D0083CA88 /* CustomHeaderCell.swift */; };
		C14333BE1CA5ADFF0083CA88 /* BusinessModel.swift in Sources */ = {isa = PBXBuildFile; fileRef = C14333BD1CA5ADFF0083CA88 /* BusinessModel.swift */; };
		C14333C71CA5B25E0083CA88 /* BusinessApp_Table_Template.swift in Sources */ = {isa = PBXBuildFile; fileRef = C14333C61CA5B25E0083CA88 /* BusinessApp_Table_Template.swift */; };
		C14333CE1CA6CCBB0083CA88 /* circle.png in Resources */ = {isa = PBXBuildFile; fileRef = C14333C41CA5B0B60083CA88 /* circle.png */; };
		C14333CF1CA6CCCD0083CA88 /* gear.png in Resources */ = {isa = PBXBuildFile; fileRef = C14333CA1CA6948E0083CA88 /* gear.png */; };
		C14333D01CA6CCD50083CA88 /* circleEmergency.png in Resources */ = {isa = PBXBuildFile; fileRef = C14333C81CA5BE850083CA88 /* circleEmergency.png */; };
		C14333D21CA6D8300083CA88 /* BusinessAppTableViewController.swift in Sources */ = {isa = PBXBuildFile; fileRef = C14333D11CA6D8300083CA88 /* BusinessAppTableViewController.swift */; };
		C14333D41CA6E9920083CA88 /* BusinessAppTableViewCell.swift in Sources */ = {isa = PBXBuildFile; fileRef = C14333D31CA6E9920083CA88 /* BusinessAppTableViewCell.swift */; };
		C14333D71CA9BCF70083CA88 /* DateExtension.swift in Sources */ = {isa = PBXBuildFile; fileRef = C14333D61CA9BCF70083CA88 /* DateExtension.swift */; };
		C19F0DC11C73E14F009BD594 /* binoculars-front-view.png in Resources */ = {isa = PBXBuildFile; fileRef = C19F0DC01C73E14F009BD594 /* binoculars-front-view.png */; };
		C19F0DC31C73E226009BD594 /* infographic-bars.png in Resources */ = {isa = PBXBuildFile; fileRef = C19F0DC21C73E226009BD594 /* infographic-bars.png */; };
		C19F0DC51C73E2C3009BD594 /* home-page.png in Resources */ = {isa = PBXBuildFile; fileRef = C19F0DC41C73E2C3009BD594 /* home-page.png */; };
		C19F0DC91C7455C6009BD594 /* man-user.png in Resources */ = {isa = PBXBuildFile; fileRef = C19F0DC81C7455C6009BD594 /* man-user.png */; };
		C19F0DCD1C745DB6009BD594 /* ChangeTicket.swift in Sources */ = {isa = PBXBuildFile; fileRef = C19F0DCC1C745DB6009BD594 /* ChangeTicket.swift */; };
		C19F0DD51C759DB1009BD594 /* ChangeTicketTableViewCell.swift in Sources */ = {isa = PBXBuildFile; fileRef = C19F0DD41C759DB1009BD594 /* ChangeTicketTableViewCell.swift */; };
		C19F0DD71C75A28A009BD594 /* ChangeTicketTableViewController.swift in Sources */ = {isa = PBXBuildFile; fileRef = C19F0DD61C75A28A009BD594 /* ChangeTicketTableViewController.swift */; };
		C19F0DDB1C75BAAA009BD594 /* eye_clicked.png in Resources */ = {isa = PBXBuildFile; fileRef = C19F0DDA1C75BAAA009BD594 /* eye_clicked.png */; };
		C19F0DDD1C768044009BD594 /* eye_unclicked.png in Resources */ = {isa = PBXBuildFile; fileRef = C19F0DDC1C768044009BD594 /* eye_unclicked.png */; };
		C19F0DDF1C76DB22009BD594 /* AllstateHeader_ASU.png in Resources */ = {isa = PBXBuildFile; fileRef = C19F0DDE1C76DB22009BD594 /* AllstateHeader_ASU.png */; };
/* End PBXBuildFile section */

/* Begin PBXContainerItemProxy section */
		48D741B41C5AAE86008D082E /* PBXContainerItemProxy */ = {
			isa = PBXContainerItemProxy;
			containerPortal = 48D741971C5AAE86008D082E /* Project object */;
			proxyType = 1;
			remoteGlobalIDString = 48D7419E1C5AAE86008D082E;
			remoteInfo = CapstoneProjectSER402;
		};
		48D741BF1C5AAE86008D082E /* PBXContainerItemProxy */ = {
			isa = PBXContainerItemProxy;
			containerPortal = 48D741971C5AAE86008D082E /* Project object */;
			proxyType = 1;
			remoteGlobalIDString = 48D7419E1C5AAE86008D082E;
			remoteInfo = CapstoneProjectSER402;
		};
		C143338B1CA0E99B0083CA88 /* PBXContainerItemProxy */ = {
			isa = PBXContainerItemProxy;
			containerPortal = C14333841CA0E99B0083CA88 /* Charts.xcodeproj */;
			proxyType = 2;
			remoteGlobalIDString = 5BA8EC401A9D14DC00CE82E1;
			remoteInfo = "Charts-iOS";
		};
		C143338D1CA0E99B0083CA88 /* PBXContainerItemProxy */ = {
			isa = PBXContainerItemProxy;
			containerPortal = C14333841CA0E99B0083CA88 /* Charts.xcodeproj */;
			proxyType = 2;
			remoteGlobalIDString = A52C5C371BAC5CA400594CDD;
			remoteInfo = "Charts-TV";
		};
		C143338F1CA0E99B0083CA88 /* PBXContainerItemProxy */ = {
			isa = PBXContainerItemProxy;
			containerPortal = C14333841CA0E99B0083CA88 /* Charts.xcodeproj */;
			proxyType = 2;
			remoteGlobalIDString = 65B3F5BF1C7370BE000983D0;
			remoteInfo = "Charts-OSX";
		};
		C14333911CA0E99B0083CA88 /* PBXContainerItemProxy */ = {
			isa = PBXContainerItemProxy;
			containerPortal = C14333841CA0E99B0083CA88 /* Charts.xcodeproj */;
			proxyType = 2;
			remoteGlobalIDString = 06AEE7A21BDC3F8B009875AE;
			remoteInfo = ChartsTests;
		};
		C14333951CA0E9CF0083CA88 /* PBXContainerItemProxy */ = {
			isa = PBXContainerItemProxy;
			containerPortal = C14333841CA0E99B0083CA88 /* Charts.xcodeproj */;
			proxyType = 1;
			remoteGlobalIDString = 5BA8EC3F1A9D14DC00CE82E1;
			remoteInfo = "Charts-iOS";
		};
/* End PBXContainerItemProxy section */

/* Begin PBXCopyFilesBuildPhase section */
		C14333971CA0E9CF0083CA88 /* Embed Frameworks */ = {
			isa = PBXCopyFilesBuildPhase;
			buildActionMask = 2147483647;
			dstPath = "";
			dstSubfolderSpec = 10;
			files = (
				C14333941CA0E9CF0083CA88 /* Charts.framework in Embed Frameworks */,
			);
			name = "Embed Frameworks";
			runOnlyForDeploymentPostprocessing = 0;
		};
/* End PBXCopyFilesBuildPhase section */

/* Begin PBXFileReference section */
		460338741CC7FB3E00CF17BC /* changeList_public.xml */ = {isa = PBXFileReference; fileEncoding = 4; lastKnownFileType = text.xml; path = changeList_public.xml; sourceTree = "<group>"; };
		462EB83C1C990BF00076C28D /* AllstateLoginHeader.png */ = {isa = PBXFileReference; lastKnownFileType = image.png; path = AllstateLoginHeader.png; sourceTree = "<group>"; };
		462EB83D1C990BF00076C28D /* AppSelectionViewController.swift */ = {isa = PBXFileReference; fileEncoding = 4; lastKnownFileType = sourcecode.swift; path = AppSelectionViewController.swift; sourceTree = "<group>"; };
		462EB83E1C990BF00076C28D /* Base.lproj */ = {isa = PBXFileReference; lastKnownFileType = folder; path = Base.lproj; sourceTree = "<group>"; };
		462EB83F1C990BF00076C28D /* BusinessApp.swift */ = {isa = PBXFileReference; fileEncoding = 4; lastKnownFileType = sourcecode.swift; path = BusinessApp.swift; sourceTree = "<group>"; };
		462EB8401C990BF00076C28D /* CapstoneProjectSER402-Bridging-Header.h */ = {isa = PBXFileReference; fileEncoding = 4; lastKnownFileType = sourcecode.c.h; path = "CapstoneProjectSER402-Bridging-Header.h"; sourceTree = "<group>"; };
		462EB8421C990BF00076C28D /* AppSelectionTableViewController.swift */ = {isa = PBXFileReference; fileEncoding = 4; lastKnownFileType = sourcecode.swift; path = AppSelectionTableViewController.swift; sourceTree = "<group>"; };
		462EB8431C990BF00076C28D /* SWRevealViewController.h */ = {isa = PBXFileReference; fileEncoding = 4; lastKnownFileType = sourcecode.c.h; path = SWRevealViewController.h; sourceTree = "<group>"; };
		462EB8441C990BF00076C28D /* SWRevealViewController.m */ = {isa = PBXFileReference; fileEncoding = 4; lastKnownFileType = sourcecode.c.objc; path = SWRevealViewController.m; sourceTree = "<group>"; };
		462EB8471C990BF00076C28D /* WatchedTicketTableViewController.swift */ = {isa = PBXFileReference; fileEncoding = 4; lastKnownFileType = sourcecode.swift; path = WatchedTicketTableViewController.swift; sourceTree = "<group>"; };
		46A2AB0D1CA47C0E00F87C80 /* AnalysisViewController.swift */ = {isa = PBXFileReference; fileEncoding = 4; lastKnownFileType = sourcecode.swift; path = AnalysisViewController.swift; sourceTree = "<group>"; };
		46A2AB0E1CA47C0E00F87C80 /* CapstoneProjectSER402-Bridging-Header.h */ = {isa = PBXFileReference; fileEncoding = 4; lastKnownFileType = sourcecode.c.h; path = "CapstoneProjectSER402-Bridging-Header.h"; sourceTree = "<group>"; };
		46A2AB0F1CA47C0E00F87C80 /* SWRevealViewController.h */ = {isa = PBXFileReference; fileEncoding = 4; lastKnownFileType = sourcecode.c.h; path = SWRevealViewController.h; sourceTree = "<group>"; };
		46A2AB101CA47C0E00F87C80 /* SWRevealViewController.m */ = {isa = PBXFileReference; fileEncoding = 4; lastKnownFileType = sourcecode.c.objc; path = SWRevealViewController.m; sourceTree = "<group>"; };
		46A2AB111CA47C0E00F87C80 /* UserTypeSelectionViewController.swift */ = {isa = PBXFileReference; fileEncoding = 4; lastKnownFileType = sourcecode.swift; path = UserTypeSelectionViewController.swift; sourceTree = "<group>"; };
		46C1CF3C1CC70D0600969A0C /* changeList.xml */ = {isa = PBXFileReference; fileEncoding = 4; lastKnownFileType = text.xml; path = changeList.xml; sourceTree = "<group>"; };
		46C2F4341CC592CD00F256C5 /* MockData.swift */ = {isa = PBXFileReference; fileEncoding = 4; lastKnownFileType = sourcecode.swift; path = MockData.swift; sourceTree = "<group>"; };
		46D0586B1CA3B79D005CFB61 /* AEXML.swift */ = {isa = PBXFileReference; fileEncoding = 4; lastKnownFileType = sourcecode.swift; path = AEXML.swift; sourceTree = "<group>"; };
		46E832A31C88DD81001C376F /* ChangeTicket_Table_Template.swift */ = {isa = PBXFileReference; fileEncoding = 4; lastKnownFileType = sourcecode.swift; path = ChangeTicket_Table_Template.swift; sourceTree = "<group>"; };
		46F792B51CA8F6E600F00404 /* ConnectionService.swift */ = {isa = PBXFileReference; fileEncoding = 4; lastKnownFileType = sourcecode.swift; path = ConnectionService.swift; sourceTree = "<group>"; };
		480D791F1CB37A0B00C57410 /* UserTypeTableViewCell.swift */ = {isa = PBXFileReference; fileEncoding = 4; lastKnownFileType = sourcecode.swift; path = UserTypeTableViewCell.swift; sourceTree = "<group>"; };
		4818FE0C1CA498CF00B7EB47 /* settings-icon.png */ = {isa = PBXFileReference; lastKnownFileType = image.png; path = "settings-icon.png"; sourceTree = "<group>"; };
		4818FE111CA49CFA00B7EB47 /* SettingsTableViewController.swift */ = {isa = PBXFileReference; fileEncoding = 4; lastKnownFileType = sourcecode.swift; path = SettingsTableViewController.swift; sourceTree = "<group>"; };
		4852EEA81CAC6D280060CD3E /* AlertsTableViewCell.swift */ = {isa = PBXFileReference; fileEncoding = 4; lastKnownFileType = sourcecode.swift; path = AlertsTableViewCell.swift; sourceTree = "<group>"; };
		4852EEAD1CAC71D80060CD3E /* ProfileTableViewCell.swift */ = {isa = PBXFileReference; fileEncoding = 4; lastKnownFileType = sourcecode.swift; path = ProfileTableViewCell.swift; sourceTree = "<group>"; };
		48993BEC1C8CBB0A00EDA13E /* SelectUserTypeViewController.swift */ = {isa = PBXFileReference; fileEncoding = 4; lastKnownFileType = sourcecode.swift; path = SelectUserTypeViewController.swift; sourceTree = "<group>"; };
		489AFBA71C7F6B3000E9DEB9 /* User.swift */ = {isa = PBXFileReference; fileEncoding = 4; lastKnownFileType = sourcecode.swift; path = User.swift; sourceTree = "<group>"; };
		489AFBA91C7F8D2900E9DEB9 /* SetupContentViewController.swift */ = {isa = PBXFileReference; fileEncoding = 4; lastKnownFileType = sourcecode.swift; path = SetupContentViewController.swift; sourceTree = "<group>"; };
		489AFBAB1C7F8F5B00E9DEB9 /* WizardSetupViewController.swift */ = {isa = PBXFileReference; fileEncoding = 4; lastKnownFileType = sourcecode.swift; path = WizardSetupViewController.swift; sourceTree = "<group>"; };
		48CE447B1C8FB73D00BECD12 /* AppSelectionTableViewCell.swift */ = {isa = PBXFileReference; fileEncoding = 4; lastKnownFileType = sourcecode.swift; path = AppSelectionTableViewCell.swift; sourceTree = "<group>"; };
		48CFA2D21C73C02E0081A8E1 /* menuoptions.png */ = {isa = PBXFileReference; lastKnownFileType = image.png; path = menuoptions.png; sourceTree = "<group>"; };
		48D12C3F1CC6D57200857986 /* AppAreaSelectionTableViewController.swift */ = {isa = PBXFileReference; fileEncoding = 4; lastKnownFileType = sourcecode.swift; path = AppAreaSelectionTableViewController.swift; sourceTree = "<group>"; };
		48D12C441CC6D5D100857986 /* AppAreaTableViewCell.swift */ = {isa = PBXFileReference; fileEncoding = 4; lastKnownFileType = sourcecode.swift; path = AppAreaTableViewCell.swift; sourceTree = "<group>"; };
		48D7419F1C5AAE86008D082E /* CapstoneProjectSER402.app */ = {isa = PBXFileReference; explicitFileType = wrapper.application; includeInIndex = 0; path = CapstoneProjectSER402.app; sourceTree = BUILT_PRODUCTS_DIR; };
		48D741A21C5AAE86008D082E /* AppDelegate.swift */ = {isa = PBXFileReference; lastKnownFileType = sourcecode.swift; path = AppDelegate.swift; sourceTree = "<group>"; };
		48D741A41C5AAE86008D082E /* LoginViewController.swift */ = {isa = PBXFileReference; lastKnownFileType = sourcecode.swift; path = LoginViewController.swift; sourceTree = "<group>"; };
		48D741A71C5AAE86008D082E /* Base */ = {isa = PBXFileReference; lastKnownFileType = file.storyboard; name = Base; path = Base.lproj/Main.storyboard; sourceTree = "<group>"; };
		48D741A91C5AAE86008D082E /* Assets.xcassets */ = {isa = PBXFileReference; lastKnownFileType = folder.assetcatalog; path = Assets.xcassets; sourceTree = "<group>"; };
		48D741AC1C5AAE86008D082E /* Base */ = {isa = PBXFileReference; lastKnownFileType = file.storyboard; name = Base; path = Base.lproj/LaunchScreen.storyboard; sourceTree = "<group>"; };
		48D741AE1C5AAE86008D082E /* Info.plist */ = {isa = PBXFileReference; lastKnownFileType = text.plist.xml; path = Info.plist; sourceTree = "<group>"; };
		48D741B31C5AAE86008D082E /* CapstoneProjectSER402Tests.xctest */ = {isa = PBXFileReference; explicitFileType = wrapper.cfbundle; includeInIndex = 0; path = CapstoneProjectSER402Tests.xctest; sourceTree = BUILT_PRODUCTS_DIR; };
		48D741B71C5AAE86008D082E /* CapstoneProjectSER402Tests.swift */ = {isa = PBXFileReference; lastKnownFileType = sourcecode.swift; path = CapstoneProjectSER402Tests.swift; sourceTree = "<group>"; };
		48D741B91C5AAE86008D082E /* Info.plist */ = {isa = PBXFileReference; lastKnownFileType = text.plist.xml; path = Info.plist; sourceTree = "<group>"; };
		48D741BE1C5AAE86008D082E /* CapstoneProjectSER402UITests.xctest */ = {isa = PBXFileReference; explicitFileType = wrapper.cfbundle; includeInIndex = 0; path = CapstoneProjectSER402UITests.xctest; sourceTree = BUILT_PRODUCTS_DIR; };
		48D741C21C5AAE86008D082E /* CapstoneProjectSER402UITests.swift */ = {isa = PBXFileReference; lastKnownFileType = sourcecode.swift; path = CapstoneProjectSER402UITests.swift; sourceTree = "<group>"; };
		48D741C41C5AAE86008D082E /* Info.plist */ = {isa = PBXFileReference; lastKnownFileType = text.plist.xml; path = Info.plist; sourceTree = "<group>"; };
		48D741D01C5AB574008D082E /* user.png */ = {isa = PBXFileReference; lastKnownFileType = image.png; path = user.png; sourceTree = "<group>"; };
		48D741D21C5AB57C008D082E /* lock.png */ = {isa = PBXFileReference; lastKnownFileType = image.png; path = lock.png; sourceTree = "<group>"; };
		48D8FADA1CAB096900753943 /* AppsOptionTableViewCell.swift */ = {isa = PBXFileReference; fileEncoding = 4; lastKnownFileType = sourcecode.swift; path = AppsOptionTableViewCell.swift; sourceTree = "<group>"; };
		C108ADE91CAFB1DF00CB60F0 /* ArchiveTableViewController.swift */ = {isa = PBXFileReference; fileEncoding = 4; lastKnownFileType = sourcecode.swift; path = ArchiveTableViewController.swift; sourceTree = "<group>"; };
		C108ADEB1CB1B9B500CB60F0 /* ArchiveTableViewCell.swift */ = {isa = PBXFileReference; fileEncoding = 4; lastKnownFileType = sourcecode.swift; path = ArchiveTableViewCell.swift; sourceTree = "<group>"; };
		C108ADED1CB204BC00CB60F0 /* expand_more.png */ = {isa = PBXFileReference; lastKnownFileType = image.png; path = expand_more.png; sourceTree = "<group>"; };
		C108ADEE1CB204BC00CB60F0 /* expand_less.png */ = {isa = PBXFileReference; lastKnownFileType = image.png; path = expand_less.png; sourceTree = "<group>"; };
		C108ADF31CB219A900CB60F0 /* archive.png */ = {isa = PBXFileReference; lastKnownFileType = image.png; path = archive.png; sourceTree = "<group>"; };
		C121B52C1C80075B001F3B16 /* WatchedTicket.swift */ = {isa = PBXFileReference; fileEncoding = 4; lastKnownFileType = sourcecode.swift; path = WatchedTicket.swift; sourceTree = "<group>"; };
		C121B52E1C8008CC001F3B16 /* WatchedTicketTableViewCell.swift */ = {isa = PBXFileReference; fileEncoding = 4; lastKnownFileType = sourcecode.swift; path = WatchedTicketTableViewCell.swift; sourceTree = "<group>"; };
		C12E73AB1CBE5D360091ECE9 /* emergency.png */ = {isa = PBXFileReference; lastKnownFileType = image.png; path = emergency.png; sourceTree = "<group>"; };
		C12E73B81CC79EAB0091ECE9 /* ChangeTicketHeaderCell.swift */ = {isa = PBXFileReference; fileEncoding = 4; lastKnownFileType = sourcecode.swift; path = ChangeTicketHeaderCell.swift; sourceTree = "<group>"; };
		C142E6541C9BEC5A005F1DEC /* TicketModel.swift */ = {isa = PBXFileReference; fileEncoding = 4; lastKnownFileType = sourcecode.swift; path = TicketModel.swift; sourceTree = "<group>"; };
		C14333821CA0E9540083CA88 /* Charts */ = {isa = PBXFileReference; lastKnownFileType = folder; path = Charts; sourceTree = "<group>"; };
		C14333841CA0E99B0083CA88 /* Charts.xcodeproj */ = {isa = PBXFileReference; lastKnownFileType = "wrapper.pb-project"; name = Charts.xcodeproj; path = Charts/Charts.xcodeproj; sourceTree = "<group>"; };
		C14333A51CA4146D0083CA88 /* CustomHeaderCell.swift */ = {isa = PBXFileReference; fileEncoding = 4; lastKnownFileType = sourcecode.swift; path = CustomHeaderCell.swift; sourceTree = "<group>"; };
		C14333BD1CA5ADFF0083CA88 /* BusinessModel.swift */ = {isa = PBXFileReference; fileEncoding = 4; lastKnownFileType = sourcecode.swift; path = BusinessModel.swift; sourceTree = "<group>"; };
		C14333C41CA5B0B60083CA88 /* circle.png */ = {isa = PBXFileReference; lastKnownFileType = image.png; path = circle.png; sourceTree = "<group>"; };
		C14333C61CA5B25E0083CA88 /* BusinessApp_Table_Template.swift */ = {isa = PBXFileReference; fileEncoding = 4; lastKnownFileType = sourcecode.swift; path = BusinessApp_Table_Template.swift; sourceTree = "<group>"; };
		C14333C81CA5BE850083CA88 /* circleEmergency.png */ = {isa = PBXFileReference; lastKnownFileType = image.png; path = circleEmergency.png; sourceTree = "<group>"; };
		C14333CA1CA6948E0083CA88 /* gear.png */ = {isa = PBXFileReference; lastKnownFileType = image.png; path = gear.png; sourceTree = "<group>"; };
		C14333D11CA6D8300083CA88 /* BusinessAppTableViewController.swift */ = {isa = PBXFileReference; fileEncoding = 4; lastKnownFileType = sourcecode.swift; path = BusinessAppTableViewController.swift; sourceTree = "<group>"; };
		C14333D31CA6E9920083CA88 /* BusinessAppTableViewCell.swift */ = {isa = PBXFileReference; fileEncoding = 4; lastKnownFileType = sourcecode.swift; path = BusinessAppTableViewCell.swift; sourceTree = "<group>"; };
		C14333D61CA9BCF70083CA88 /* DateExtension.swift */ = {isa = PBXFileReference; fileEncoding = 4; lastKnownFileType = sourcecode.swift; path = DateExtension.swift; sourceTree = "<group>"; };
		C19F0DC01C73E14F009BD594 /* binoculars-front-view.png */ = {isa = PBXFileReference; lastKnownFileType = image.png; path = "binoculars-front-view.png"; sourceTree = "<group>"; };
		C19F0DC21C73E226009BD594 /* infographic-bars.png */ = {isa = PBXFileReference; lastKnownFileType = image.png; path = "infographic-bars.png"; sourceTree = "<group>"; };
		C19F0DC41C73E2C3009BD594 /* home-page.png */ = {isa = PBXFileReference; lastKnownFileType = image.png; path = "home-page.png"; sourceTree = "<group>"; };
		C19F0DC81C7455C6009BD594 /* man-user.png */ = {isa = PBXFileReference; lastKnownFileType = image.png; path = "man-user.png"; sourceTree = "<group>"; };
		C19F0DCC1C745DB6009BD594 /* ChangeTicket.swift */ = {isa = PBXFileReference; fileEncoding = 4; lastKnownFileType = sourcecode.swift; path = ChangeTicket.swift; sourceTree = "<group>"; };
		C19F0DD41C759DB1009BD594 /* ChangeTicketTableViewCell.swift */ = {isa = PBXFileReference; fileEncoding = 4; lastKnownFileType = sourcecode.swift; path = ChangeTicketTableViewCell.swift; sourceTree = "<group>"; };
		C19F0DD61C75A28A009BD594 /* ChangeTicketTableViewController.swift */ = {isa = PBXFileReference; fileEncoding = 4; lastKnownFileType = sourcecode.swift; path = ChangeTicketTableViewController.swift; sourceTree = "<group>"; };
		C19F0DDA1C75BAAA009BD594 /* eye_clicked.png */ = {isa = PBXFileReference; lastKnownFileType = image.png; path = eye_clicked.png; sourceTree = "<group>"; };
		C19F0DDC1C768044009BD594 /* eye_unclicked.png */ = {isa = PBXFileReference; lastKnownFileType = image.png; path = eye_unclicked.png; sourceTree = "<group>"; };
		C19F0DDE1C76DB22009BD594 /* AllstateHeader_ASU.png */ = {isa = PBXFileReference; lastKnownFileType = image.png; path = AllstateHeader_ASU.png; sourceTree = "<group>"; };
/* End PBXFileReference section */

/* Begin PBXFrameworksBuildPhase section */
		48D7419C1C5AAE86008D082E /* Frameworks */ = {
			isa = PBXFrameworksBuildPhase;
			buildActionMask = 2147483647;
			files = (
				C14333931CA0E9CF0083CA88 /* Charts.framework in Frameworks */,
			);
			runOnlyForDeploymentPostprocessing = 0;
		};
		48D741B01C5AAE86008D082E /* Frameworks */ = {
			isa = PBXFrameworksBuildPhase;
			buildActionMask = 2147483647;
			files = (
			);
			runOnlyForDeploymentPostprocessing = 0;
		};
		48D741BB1C5AAE86008D082E /* Frameworks */ = {
			isa = PBXFrameworksBuildPhase;
			buildActionMask = 2147483647;
			files = (
			);
			runOnlyForDeploymentPostprocessing = 0;
		};
/* End PBXFrameworksBuildPhase section */

/* Begin PBXGroup section */
		48D741961C5AAE86008D082E = {
			isa = PBXGroup;
			children = (
				C14333821CA0E9540083CA88 /* Charts */,
				C14333841CA0E99B0083CA88 /* Charts.xcodeproj */,
				48D741A11C5AAE86008D082E /* CapstoneProjectSER402 */,
				48D741B61C5AAE86008D082E /* CapstoneProjectSER402Tests */,
				48D741C11C5AAE86008D082E /* CapstoneProjectSER402UITests */,
				48D741A01C5AAE86008D082E /* Products */,
			);
			sourceTree = "<group>";
		};
		48D741A01C5AAE86008D082E /* Products */ = {
			isa = PBXGroup;
			children = (
				48D7419F1C5AAE86008D082E /* CapstoneProjectSER402.app */,
				48D741B31C5AAE86008D082E /* CapstoneProjectSER402Tests.xctest */,
				48D741BE1C5AAE86008D082E /* CapstoneProjectSER402UITests.xctest */,
			);
			name = Products;
			sourceTree = "<group>";
		};
		48D741A11C5AAE86008D082E /* CapstoneProjectSER402 */ = {
			isa = PBXGroup;
			children = (
				460338741CC7FB3E00CF17BC /* changeList_public.xml */,
				46C1CF3C1CC70D0600969A0C /* changeList.xml */,
				46F792B51CA8F6E600F00404 /* ConnectionService.swift */,
				46D0586B1CA3B79D005CFB61 /* AEXML.swift */,
				462EB8401C990BF00076C28D /* CapstoneProjectSER402-Bridging-Header.h */,
				462EB8431C990BF00076C28D /* SWRevealViewController.h */,
				462EB83E1C990BF00076C28D /* Base.lproj */,
				462EB8441C990BF00076C28D /* SWRevealViewController.m */,
				48D741AE1C5AAE86008D082E /* Info.plist */,
				C19F0DDE1C76DB22009BD594 /* AllstateHeader_ASU.png */,
				462EB83C1C990BF00076C28D /* AllstateLoginHeader.png */,
				C19F0DC01C73E14F009BD594 /* binoculars-front-view.png */,
				46A2AB0D1CA47C0E00F87C80 /* AnalysisViewController.swift */,
				46A2AB0E1CA47C0E00F87C80 /* CapstoneProjectSER402-Bridging-Header.h */,
				46A2AB0F1CA47C0E00F87C80 /* SWRevealViewController.h */,
				46A2AB101CA47C0E00F87C80 /* SWRevealViewController.m */,
				46A2AB111CA47C0E00F87C80 /* UserTypeSelectionViewController.swift */,
				C14333D61CA9BCF70083CA88 /* DateExtension.swift */,
				48993BEC1C8CBB0A00EDA13E /* SelectUserTypeViewController.swift */,
				4818FE0C1CA498CF00B7EB47 /* settings-icon.png */,
				C14333CA1CA6948E0083CA88 /* gear.png */,
				C19F0DDA1C75BAAA009BD594 /* eye_clicked.png */,
				C19F0DDC1C768044009BD594 /* eye_unclicked.png */,
				C19F0DC41C73E2C3009BD594 /* home-page.png */,
				C19F0DC21C73E226009BD594 /* infographic-bars.png */,
				48D741D21C5AB57C008D082E /* lock.png */,
				C19F0DC81C7455C6009BD594 /* man-user.png */,
				48CFA2D21C73C02E0081A8E1 /* menuoptions.png */,
				48D741D01C5AB574008D082E /* user.png */,
				C14333C41CA5B0B60083CA88 /* circle.png */,
				C14333C81CA5BE850083CA88 /* circleEmergency.png */,
				C108ADED1CB204BC00CB60F0 /* expand_more.png */,
				C108ADEE1CB204BC00CB60F0 /* expand_less.png */,
				C108ADF31CB219A900CB60F0 /* archive.png */,
				C12E73AB1CBE5D360091ECE9 /* emergency.png */,
				48D741A21C5AAE86008D082E /* AppDelegate.swift */,
				462EB83D1C990BF00076C28D /* AppSelectionViewController.swift */,
				462EB83F1C990BF00076C28D /* BusinessApp.swift */,
				46E832A31C88DD81001C376F /* ChangeTicket_Table_Template.swift */,
				C14333C61CA5B25E0083CA88 /* BusinessApp_Table_Template.swift */,
				C19F0DCC1C745DB6009BD594 /* ChangeTicket.swift */,
				C19F0DD61C75A28A009BD594 /* ChangeTicketTableViewController.swift */,
				C14333D11CA6D8300083CA88 /* BusinessAppTableViewController.swift */,
				48D741A41C5AAE86008D082E /* LoginViewController.swift */,
				489AFBA91C7F8D2900E9DEB9 /* SetupContentViewController.swift */,
				48CE447B1C8FB73D00BECD12 /* AppSelectionTableViewCell.swift */,
				462EB8421C990BF00076C28D /* AppSelectionTableViewController.swift */,
				480D791F1CB37A0B00C57410 /* UserTypeTableViewCell.swift */,
				489AFBA71C7F6B3000E9DEB9 /* User.swift */,
				C121B52C1C80075B001F3B16 /* WatchedTicket.swift */,
				462EB8471C990BF00076C28D /* WatchedTicketTableViewController.swift */,
				489AFBAB1C7F8F5B00E9DEB9 /* WizardSetupViewController.swift */,
				48D741A91C5AAE86008D082E /* Assets.xcassets */,
				48D741AB1C5AAE86008D082E /* LaunchScreen.storyboard */,
				48D741A61C5AAE86008D082E /* Main.storyboard */,
				48D12C441CC6D5D100857986 /* AppAreaTableViewCell.swift */,
				48D12C3F1CC6D57200857986 /* AppAreaSelectionTableViewController.swift */,
				C108ADEB1CB1B9B500CB60F0 /* ArchiveTableViewCell.swift */,
				4852EEAD1CAC71D80060CD3E /* ProfileTableViewCell.swift */,
				48D8FADA1CAB096900753943 /* AppsOptionTableViewCell.swift */,
				C19F0DD41C759DB1009BD594 /* ChangeTicketTableViewCell.swift */,
				C12E73B81CC79EAB0091ECE9 /* ChangeTicketHeaderCell.swift */,
				C14333D31CA6E9920083CA88 /* BusinessAppTableViewCell.swift */,
				C142E6541C9BEC5A005F1DEC /* TicketModel.swift */,
				C14333BD1CA5ADFF0083CA88 /* BusinessModel.swift */,
				C121B52E1C8008CC001F3B16 /* WatchedTicketTableViewCell.swift */,
				C14333A51CA4146D0083CA88 /* CustomHeaderCell.swift */,
				4818FE111CA49CFA00B7EB47 /* SettingsTableViewController.swift */,
				4852EEA81CAC6D280060CD3E /* AlertsTableViewCell.swift */,
				C108ADE91CAFB1DF00CB60F0 /* ArchiveTableViewController.swift */,
				46C2F4341CC592CD00F256C5 /* MockData.swift */,
			);
			path = CapstoneProjectSER402;
			sourceTree = "<group>";
		};
		48D741B61C5AAE86008D082E /* CapstoneProjectSER402Tests */ = {
			isa = PBXGroup;
			children = (
				48D741B71C5AAE86008D082E /* CapstoneProjectSER402Tests.swift */,
				48D741B91C5AAE86008D082E /* Info.plist */,
			);
			path = CapstoneProjectSER402Tests;
			sourceTree = "<group>";
		};
		48D741C11C5AAE86008D082E /* CapstoneProjectSER402UITests */ = {
			isa = PBXGroup;
			children = (
				48D741C21C5AAE86008D082E /* CapstoneProjectSER402UITests.swift */,
				48D741C41C5AAE86008D082E /* Info.plist */,
			);
			path = CapstoneProjectSER402UITests;
			sourceTree = "<group>";
		};
		C14333851CA0E99B0083CA88 /* Products */ = {
			isa = PBXGroup;
			children = (
				C143338C1CA0E99B0083CA88 /* Charts.framework */,
				C143338E1CA0E99B0083CA88 /* Charts.framework */,
				C14333901CA0E99B0083CA88 /* Charts.framework */,
				C14333921CA0E99B0083CA88 /* ChartsTests.xctest */,
			);
			name = Products;
			sourceTree = "<group>";
		};
/* End PBXGroup section */

/* Begin PBXNativeTarget section */
		48D7419E1C5AAE86008D082E /* CapstoneProjectSER402 */ = {
			isa = PBXNativeTarget;
			buildConfigurationList = 48D741C71C5AAE86008D082E /* Build configuration list for PBXNativeTarget "CapstoneProjectSER402" */;
			buildPhases = (
				48D7419B1C5AAE86008D082E /* Sources */,
				48D7419C1C5AAE86008D082E /* Frameworks */,
				48D7419D1C5AAE86008D082E /* Resources */,
				C14333971CA0E9CF0083CA88 /* Embed Frameworks */,
			);
			buildRules = (
			);
			dependencies = (
				C14333961CA0E9CF0083CA88 /* PBXTargetDependency */,
			);
			name = CapstoneProjectSER402;
			productName = CapstoneProjectSER402;
			productReference = 48D7419F1C5AAE86008D082E /* CapstoneProjectSER402.app */;
			productType = "com.apple.product-type.application";
		};
		48D741B21C5AAE86008D082E /* CapstoneProjectSER402Tests */ = {
			isa = PBXNativeTarget;
			buildConfigurationList = 48D741CA1C5AAE86008D082E /* Build configuration list for PBXNativeTarget "CapstoneProjectSER402Tests" */;
			buildPhases = (
				48D741AF1C5AAE86008D082E /* Sources */,
				48D741B01C5AAE86008D082E /* Frameworks */,
				48D741B11C5AAE86008D082E /* Resources */,
			);
			buildRules = (
			);
			dependencies = (
				48D741B51C5AAE86008D082E /* PBXTargetDependency */,
			);
			name = CapstoneProjectSER402Tests;
			productName = CapstoneProjectSER402Tests;
			productReference = 48D741B31C5AAE86008D082E /* CapstoneProjectSER402Tests.xctest */;
			productType = "com.apple.product-type.bundle.unit-test";
		};
		48D741BD1C5AAE86008D082E /* CapstoneProjectSER402UITests */ = {
			isa = PBXNativeTarget;
			buildConfigurationList = 48D741CD1C5AAE86008D082E /* Build configuration list for PBXNativeTarget "CapstoneProjectSER402UITests" */;
			buildPhases = (
				48D741BA1C5AAE86008D082E /* Sources */,
				48D741BB1C5AAE86008D082E /* Frameworks */,
				48D741BC1C5AAE86008D082E /* Resources */,
			);
			buildRules = (
			);
			dependencies = (
				48D741C01C5AAE86008D082E /* PBXTargetDependency */,
			);
			name = CapstoneProjectSER402UITests;
			productName = CapstoneProjectSER402UITests;
			productReference = 48D741BE1C5AAE86008D082E /* CapstoneProjectSER402UITests.xctest */;
			productType = "com.apple.product-type.bundle.ui-testing";
		};
/* End PBXNativeTarget section */

/* Begin PBXProject section */
		48D741971C5AAE86008D082E /* Project object */ = {
			isa = PBXProject;
			attributes = {
				LastSwiftUpdateCheck = 0720;
				LastUpgradeCheck = 0720;
				ORGANIZATIONNAME = "Ramtin Nikbakht";
				TargetAttributes = {
					48D7419E1C5AAE86008D082E = {
						CreatedOnToolsVersion = 7.2;
						DevelopmentTeam = M446486524;
					};
					48D741B21C5AAE86008D082E = {
						CreatedOnToolsVersion = 7.2;
						DevelopmentTeam = M446486524;
						TestTargetID = 48D7419E1C5AAE86008D082E;
					};
					48D741BD1C5AAE86008D082E = {
						CreatedOnToolsVersion = 7.2;
						DevelopmentTeam = M446486524;
						TestTargetID = 48D7419E1C5AAE86008D082E;
					};
				};
			};
			buildConfigurationList = 48D7419A1C5AAE86008D082E /* Build configuration list for PBXProject "CapstoneProjectSER402" */;
			compatibilityVersion = "Xcode 3.2";
			developmentRegion = English;
			hasScannedForEncodings = 0;
			knownRegions = (
				en,
				Base,
			);
			mainGroup = 48D741961C5AAE86008D082E;
			productRefGroup = 48D741A01C5AAE86008D082E /* Products */;
			projectDirPath = "";
			projectReferences = (
				{
					ProductGroup = C14333851CA0E99B0083CA88 /* Products */;
					ProjectRef = C14333841CA0E99B0083CA88 /* Charts.xcodeproj */;
				},
			);
			projectRoot = "";
			targets = (
				48D7419E1C5AAE86008D082E /* CapstoneProjectSER402 */,
				48D741B21C5AAE86008D082E /* CapstoneProjectSER402Tests */,
				48D741BD1C5AAE86008D082E /* CapstoneProjectSER402UITests */,
			);
		};
/* End PBXProject section */

/* Begin PBXReferenceProxy section */
		C143338C1CA0E99B0083CA88 /* Charts.framework */ = {
			isa = PBXReferenceProxy;
			fileType = wrapper.framework;
			path = Charts.framework;
			remoteRef = C143338B1CA0E99B0083CA88 /* PBXContainerItemProxy */;
			sourceTree = BUILT_PRODUCTS_DIR;
		};
		C143338E1CA0E99B0083CA88 /* Charts.framework */ = {
			isa = PBXReferenceProxy;
			fileType = wrapper.framework;
			path = Charts.framework;
			remoteRef = C143338D1CA0E99B0083CA88 /* PBXContainerItemProxy */;
			sourceTree = BUILT_PRODUCTS_DIR;
		};
		C14333901CA0E99B0083CA88 /* Charts.framework */ = {
			isa = PBXReferenceProxy;
			fileType = wrapper.framework;
			path = Charts.framework;
			remoteRef = C143338F1CA0E99B0083CA88 /* PBXContainerItemProxy */;
			sourceTree = BUILT_PRODUCTS_DIR;
		};
		C14333921CA0E99B0083CA88 /* ChartsTests.xctest */ = {
			isa = PBXReferenceProxy;
			fileType = wrapper.cfbundle;
			path = ChartsTests.xctest;
			remoteRef = C14333911CA0E99B0083CA88 /* PBXContainerItemProxy */;
			sourceTree = BUILT_PRODUCTS_DIR;
		};
/* End PBXReferenceProxy section */

/* Begin PBXResourcesBuildPhase section */
		48D7419D1C5AAE86008D082E /* Resources */ = {
			isa = PBXResourcesBuildPhase;
			buildActionMask = 2147483647;
			files = (
				460338751CC7FB3E00CF17BC /* changeList_public.xml in Resources */,
				C14333D01CA6CCD50083CA88 /* circleEmergency.png in Resources */,
				C14333CF1CA6CCCD0083CA88 /* gear.png in Resources */,
				C14333CE1CA6CCBB0083CA88 /* circle.png in Resources */,
				462EB84A1C990BF00076C28D /* Base.lproj in Resources */,
				48D741AD1C5AAE86008D082E /* LaunchScreen.storyboard in Resources */,
				C19F0DC51C73E2C3009BD594 /* home-page.png in Resources */,
				48CFA2D31C73C02E0081A8E1 /* menuoptions.png in Resources */,
				C12E73AC1CBE5D360091ECE9 /* emergency.png in Resources */,
				C19F0DC91C7455C6009BD594 /* man-user.png in Resources */,
				C108ADF41CB219A900CB60F0 /* archive.png in Resources */,
				46C1CF3D1CC70D0600969A0C /* changeList.xml in Resources */,
				C108ADF01CB204BC00CB60F0 /* expand_less.png in Resources */,
				48D741D31C5AB57C008D082E /* lock.png in Resources */,
				462EB8481C990BF00076C28D /* AllstateLoginHeader.png in Resources */,
				48D741AA1C5AAE86008D082E /* Assets.xcassets in Resources */,
				48D741D11C5AB574008D082E /* user.png in Resources */,
				C19F0DC11C73E14F009BD594 /* binoculars-front-view.png in Resources */,
				C19F0DDD1C768044009BD594 /* eye_unclicked.png in Resources */,
				4818FE0D1CA498CF00B7EB47 /* settings-icon.png in Resources */,
				C14333831CA0E9540083CA88 /* Charts in Resources */,
				C19F0DC31C73E226009BD594 /* infographic-bars.png in Resources */,
				48D741A81C5AAE86008D082E /* Main.storyboard in Resources */,
				C108ADEF1CB204BC00CB60F0 /* expand_more.png in Resources */,
				C19F0DDF1C76DB22009BD594 /* AllstateHeader_ASU.png in Resources */,
				C19F0DDB1C75BAAA009BD594 /* eye_clicked.png in Resources */,
			);
			runOnlyForDeploymentPostprocessing = 0;
		};
		48D741B11C5AAE86008D082E /* Resources */ = {
			isa = PBXResourcesBuildPhase;
			buildActionMask = 2147483647;
			files = (
			);
			runOnlyForDeploymentPostprocessing = 0;
		};
		48D741BC1C5AAE86008D082E /* Resources */ = {
			isa = PBXResourcesBuildPhase;
			buildActionMask = 2147483647;
			files = (
			);
			runOnlyForDeploymentPostprocessing = 0;
		};
/* End PBXResourcesBuildPhase section */

/* Begin PBXSourcesBuildPhase section */
		48D7419B1C5AAE86008D082E /* Sources */ = {
			isa = PBXSourcesBuildPhase;
			buildActionMask = 2147483647;
			files = (
				46E832A41C88DD81001C376F /* ChangeTicket_Table_Template.swift in Sources */,
				C14333D71CA9BCF70083CA88 /* DateExtension.swift in Sources */,
				C14333A61CA4146D0083CA88 /* CustomHeaderCell.swift in Sources */,
				48993BED1C8CBB0A00EDA13E /* SelectUserTypeViewController.swift in Sources */,
				C19F0DD71C75A28A009BD594 /* ChangeTicketTableViewController.swift in Sources */,
				48D741A51C5AAE86008D082E /* LoginViewController.swift in Sources */,
				C108ADEC1CB1B9B500CB60F0 /* ArchiveTableViewCell.swift in Sources */,
				480D79201CB37A0B00C57410 /* UserTypeTableViewCell.swift in Sources */,
				46D0586C1CA3B79D005CFB61 /* AEXML.swift in Sources */,
				46A2AB131CA47C0E00F87C80 /* SWRevealViewController.m in Sources */,
				48D8FADB1CAB096900753943 /* AppsOptionTableViewCell.swift in Sources */,
				46F792B61CA8F6E600F00404 /* ConnectionService.swift in Sources */,
				C121B52F1C8008CC001F3B16 /* WatchedTicketTableViewCell.swift in Sources */,
				4852EEAE1CAC71D80060CD3E /* ProfileTableViewCell.swift in Sources */,
				4852EEA91CAC6D280060CD3E /* AlertsTableViewCell.swift in Sources */,
				C108ADEA1CAFB1DF00CB60F0 /* ArchiveTableViewController.swift in Sources */,
				C142E6551C9BEC5A005F1DEC /* TicketModel.swift in Sources */,
				46A2AB141CA47C0E00F87C80 /* UserTypeSelectionViewController.swift in Sources */,
				C12E73B91CC79EAB0091ECE9 /* ChangeTicketHeaderCell.swift in Sources */,
				489AFBA81C7F6B3000E9DEB9 /* User.swift in Sources */,
				48D12C401CC6D57200857986 /* AppAreaSelectionTableViewController.swift in Sources */,
				48CE447C1C8FB73D00BECD12 /* AppSelectionTableViewCell.swift in Sources */,
				489AFBAC1C7F8F5B00E9DEB9 /* WizardSetupViewController.swift in Sources */,
				C14333D41CA6E9920083CA88 /* BusinessAppTableViewCell.swift in Sources */,
				462EB84D1C990BF00076C28D /* AppSelectionTableViewController.swift in Sources */,
				C14333C71CA5B25E0083CA88 /* BusinessApp_Table_Template.swift in Sources */,
				C14333BE1CA5ADFF0083CA88 /* BusinessModel.swift in Sources */,
				462EB84B1C990BF00076C28D /* BusinessApp.swift in Sources */,
				462EB8511C990BF00076C28D /* WatchedTicketTableViewController.swift in Sources */,
				C14333D21CA6D8300083CA88 /* BusinessAppTableViewController.swift in Sources */,
				462EB8491C990BF00076C28D /* AppSelectionViewController.swift in Sources */,
				489AFBAA1C7F8D2900E9DEB9 /* SetupContentViewController.swift in Sources */,
				46A2AB121CA47C0E00F87C80 /* AnalysisViewController.swift in Sources */,
				C121B52D1C80075B001F3B16 /* WatchedTicket.swift in Sources */,
				4818FE121CA49CFA00B7EB47 /* SettingsTableViewController.swift in Sources */,
				C19F0DD51C759DB1009BD594 /* ChangeTicketTableViewCell.swift in Sources */,
				46C2F4351CC592CD00F256C5 /* MockData.swift in Sources */,
				48D741A31C5AAE86008D082E /* AppDelegate.swift in Sources */,
				48D12C451CC6D5D100857986 /* AppAreaTableViewCell.swift in Sources */,
				C19F0DCD1C745DB6009BD594 /* ChangeTicket.swift in Sources */,
			);
			runOnlyForDeploymentPostprocessing = 0;
		};
		48D741AF1C5AAE86008D082E /* Sources */ = {
			isa = PBXSourcesBuildPhase;
			buildActionMask = 2147483647;
			files = (
				48D741B81C5AAE86008D082E /* CapstoneProjectSER402Tests.swift in Sources */,
			);
			runOnlyForDeploymentPostprocessing = 0;
		};
		48D741BA1C5AAE86008D082E /* Sources */ = {
			isa = PBXSourcesBuildPhase;
			buildActionMask = 2147483647;
			files = (
				48D741C31C5AAE86008D082E /* CapstoneProjectSER402UITests.swift in Sources */,
			);
			runOnlyForDeploymentPostprocessing = 0;
		};
/* End PBXSourcesBuildPhase section */

/* Begin PBXTargetDependency section */
		48D741B51C5AAE86008D082E /* PBXTargetDependency */ = {
			isa = PBXTargetDependency;
			target = 48D7419E1C5AAE86008D082E /* CapstoneProjectSER402 */;
			targetProxy = 48D741B41C5AAE86008D082E /* PBXContainerItemProxy */;
		};
		48D741C01C5AAE86008D082E /* PBXTargetDependency */ = {
			isa = PBXTargetDependency;
			target = 48D7419E1C5AAE86008D082E /* CapstoneProjectSER402 */;
			targetProxy = 48D741BF1C5AAE86008D082E /* PBXContainerItemProxy */;
		};
		C14333961CA0E9CF0083CA88 /* PBXTargetDependency */ = {
			isa = PBXTargetDependency;
			name = "Charts-iOS";
			targetProxy = C14333951CA0E9CF0083CA88 /* PBXContainerItemProxy */;
		};
/* End PBXTargetDependency section */

/* Begin PBXVariantGroup section */
		48D741A61C5AAE86008D082E /* Main.storyboard */ = {
			isa = PBXVariantGroup;
			children = (
				48D741A71C5AAE86008D082E /* Base */,
			);
			name = Main.storyboard;
			sourceTree = "<group>";
		};
		48D741AB1C5AAE86008D082E /* LaunchScreen.storyboard */ = {
			isa = PBXVariantGroup;
			children = (
				48D741AC1C5AAE86008D082E /* Base */,
			);
			name = LaunchScreen.storyboard;
			sourceTree = "<group>";
		};
/* End PBXVariantGroup section */

/* Begin XCBuildConfiguration section */
		48D741C51C5AAE86008D082E /* Debug */ = {
			isa = XCBuildConfiguration;
			buildSettings = {
				ALWAYS_SEARCH_USER_PATHS = NO;
				CLANG_CXX_LANGUAGE_STANDARD = "gnu++0x";
				CLANG_CXX_LIBRARY = "libc++";
				CLANG_ENABLE_MODULES = YES;
				CLANG_ENABLE_OBJC_ARC = YES;
				CLANG_WARN_BOOL_CONVERSION = YES;
				CLANG_WARN_CONSTANT_CONVERSION = YES;
				CLANG_WARN_DIRECT_OBJC_ISA_USAGE = YES_ERROR;
				CLANG_WARN_EMPTY_BODY = YES;
				CLANG_WARN_ENUM_CONVERSION = YES;
				CLANG_WARN_INT_CONVERSION = YES;
				CLANG_WARN_OBJC_ROOT_CLASS = YES_ERROR;
				CLANG_WARN_UNREACHABLE_CODE = YES;
				CLANG_WARN__DUPLICATE_METHOD_MATCH = YES;
				"CODE_SIGN_IDENTITY[sdk=iphoneos*]" = "iPhone Developer";
				COPY_PHASE_STRIP = NO;
				DEBUG_INFORMATION_FORMAT = dwarf;
				ENABLE_STRICT_OBJC_MSGSEND = YES;
				ENABLE_TESTABILITY = YES;
				GCC_C_LANGUAGE_STANDARD = gnu99;
				GCC_DYNAMIC_NO_PIC = NO;
				GCC_NO_COMMON_BLOCKS = YES;
				GCC_OPTIMIZATION_LEVEL = 0;
				GCC_PREPROCESSOR_DEFINITIONS = (
					"DEBUG=1",
					"$(inherited)",
				);
				GCC_WARN_64_TO_32_BIT_CONVERSION = YES;
				GCC_WARN_ABOUT_RETURN_TYPE = YES_ERROR;
				GCC_WARN_UNDECLARED_SELECTOR = YES;
				GCC_WARN_UNINITIALIZED_AUTOS = YES_AGGRESSIVE;
				GCC_WARN_UNUSED_FUNCTION = YES;
				GCC_WARN_UNUSED_VARIABLE = YES;
				IPHONEOS_DEPLOYMENT_TARGET = 9.2;
				MTL_ENABLE_DEBUG_INFO = YES;
				ONLY_ACTIVE_ARCH = YES;
				SDKROOT = iphoneos;
				SWIFT_OPTIMIZATION_LEVEL = "-Onone";
				TARGETED_DEVICE_FAMILY = "1,2";
			};
			name = Debug;
		};
		48D741C61C5AAE86008D082E /* Release */ = {
			isa = XCBuildConfiguration;
			buildSettings = {
				ALWAYS_SEARCH_USER_PATHS = NO;
				CLANG_CXX_LANGUAGE_STANDARD = "gnu++0x";
				CLANG_CXX_LIBRARY = "libc++";
				CLANG_ENABLE_MODULES = YES;
				CLANG_ENABLE_OBJC_ARC = YES;
				CLANG_WARN_BOOL_CONVERSION = YES;
				CLANG_WARN_CONSTANT_CONVERSION = YES;
				CLANG_WARN_DIRECT_OBJC_ISA_USAGE = YES_ERROR;
				CLANG_WARN_EMPTY_BODY = YES;
				CLANG_WARN_ENUM_CONVERSION = YES;
				CLANG_WARN_INT_CONVERSION = YES;
				CLANG_WARN_OBJC_ROOT_CLASS = YES_ERROR;
				CLANG_WARN_UNREACHABLE_CODE = YES;
				CLANG_WARN__DUPLICATE_METHOD_MATCH = YES;
				"CODE_SIGN_IDENTITY[sdk=iphoneos*]" = "iPhone Developer";
				COPY_PHASE_STRIP = NO;
				DEBUG_INFORMATION_FORMAT = "dwarf-with-dsym";
				ENABLE_NS_ASSERTIONS = NO;
				ENABLE_STRICT_OBJC_MSGSEND = YES;
				GCC_C_LANGUAGE_STANDARD = gnu99;
				GCC_NO_COMMON_BLOCKS = YES;
				GCC_WARN_64_TO_32_BIT_CONVERSION = YES;
				GCC_WARN_ABOUT_RETURN_TYPE = YES_ERROR;
				GCC_WARN_UNDECLARED_SELECTOR = YES;
				GCC_WARN_UNINITIALIZED_AUTOS = YES_AGGRESSIVE;
				GCC_WARN_UNUSED_FUNCTION = YES;
				GCC_WARN_UNUSED_VARIABLE = YES;
				IPHONEOS_DEPLOYMENT_TARGET = 9.2;
				MTL_ENABLE_DEBUG_INFO = NO;
				SDKROOT = iphoneos;
				TARGETED_DEVICE_FAMILY = "1,2";
				VALIDATE_PRODUCT = YES;
			};
			name = Release;
		};
		48D741C81C5AAE86008D082E /* Debug */ = {
			isa = XCBuildConfiguration;
			buildSettings = {
				ASSETCATALOG_COMPILER_APPICON_NAME = AppIcon;
				CLANG_ENABLE_MODULES = YES;
				EMBEDDED_CONTENT_CONTAINS_SWIFT = YES;
				INFOPLIST_FILE = CapstoneProjectSER402/Info.plist;
				LD_RUNPATH_SEARCH_PATHS = "$(inherited) @executable_path/Frameworks";
				PRODUCT_BUNDLE_IDENTIFIER = edu.asu.bsse.rnikbakh.CapstoneProjectSER402;
				PRODUCT_NAME = "$(TARGET_NAME)";
				SWIFT_OBJC_BRIDGING_HEADER = "CapstoneProjectSER402/CapstoneProjectSER402-Bridging-Header.h";
				SWIFT_OPTIMIZATION_LEVEL = "-Onone";
			};
			name = Debug;
		};
		48D741C91C5AAE86008D082E /* Release */ = {
			isa = XCBuildConfiguration;
			buildSettings = {
				ASSETCATALOG_COMPILER_APPICON_NAME = AppIcon;
				CLANG_ENABLE_MODULES = YES;
				EMBEDDED_CONTENT_CONTAINS_SWIFT = YES;
				INFOPLIST_FILE = CapstoneProjectSER402/Info.plist;
				LD_RUNPATH_SEARCH_PATHS = "$(inherited) @executable_path/Frameworks";
				PRODUCT_BUNDLE_IDENTIFIER = edu.asu.bsse.rnikbakh.CapstoneProjectSER402;
				PRODUCT_NAME = "$(TARGET_NAME)";
				SWIFT_OBJC_BRIDGING_HEADER = "CapstoneProjectSER402/CapstoneProjectSER402-Bridging-Header.h";
				SWIFT_OPTIMIZATION_LEVEL = "-Onone";
			};
			name = Release;
		};
		48D741CB1C5AAE86008D082E /* Debug */ = {
			isa = XCBuildConfiguration;
			buildSettings = {
				BUNDLE_LOADER = "$(TEST_HOST)";
				INFOPLIST_FILE = CapstoneProjectSER402Tests/Info.plist;
				LD_RUNPATH_SEARCH_PATHS = "$(inherited) @executable_path/Frameworks @loader_path/Frameworks";
				PRODUCT_BUNDLE_IDENTIFIER = edu.asu.bsse.rnikbakh.CapstoneProjectSER402Tests;
				PRODUCT_NAME = "$(TARGET_NAME)";
				TEST_HOST = "$(BUILT_PRODUCTS_DIR)/CapstoneProjectSER402.app/CapstoneProjectSER402";
			};
			name = Debug;
		};
		48D741CC1C5AAE86008D082E /* Release */ = {
			isa = XCBuildConfiguration;
			buildSettings = {
				BUNDLE_LOADER = "$(TEST_HOST)";
				INFOPLIST_FILE = CapstoneProjectSER402Tests/Info.plist;
				LD_RUNPATH_SEARCH_PATHS = "$(inherited) @executable_path/Frameworks @loader_path/Frameworks";
				PRODUCT_BUNDLE_IDENTIFIER = edu.asu.bsse.rnikbakh.CapstoneProjectSER402Tests;
				PRODUCT_NAME = "$(TARGET_NAME)";
				TEST_HOST = "$(BUILT_PRODUCTS_DIR)/CapstoneProjectSER402.app/CapstoneProjectSER402";
			};
			name = Release;
		};
		48D741CE1C5AAE86008D082E /* Debug */ = {
			isa = XCBuildConfiguration;
			buildSettings = {
				INFOPLIST_FILE = CapstoneProjectSER402UITests/Info.plist;
				LD_RUNPATH_SEARCH_PATHS = "$(inherited) @executable_path/Frameworks @loader_path/Frameworks";
				PRODUCT_BUNDLE_IDENTIFIER = edu.asu.bsse.rnikbakh.CapstoneProjectSER402UITests;
				PRODUCT_NAME = "$(TARGET_NAME)";
				TEST_TARGET_NAME = CapstoneProjectSER402;
				USES_XCTRUNNER = YES;
			};
			name = Debug;
		};
		48D741CF1C5AAE86008D082E /* Release */ = {
			isa = XCBuildConfiguration;
			buildSettings = {
				INFOPLIST_FILE = CapstoneProjectSER402UITests/Info.plist;
				LD_RUNPATH_SEARCH_PATHS = "$(inherited) @executable_path/Frameworks @loader_path/Frameworks";
				PRODUCT_BUNDLE_IDENTIFIER = edu.asu.bsse.rnikbakh.CapstoneProjectSER402UITests;
				PRODUCT_NAME = "$(TARGET_NAME)";
				TEST_TARGET_NAME = CapstoneProjectSER402;
				USES_XCTRUNNER = YES;
			};
			name = Release;
		};
/* End XCBuildConfiguration section */

/* Begin XCConfigurationList section */
		48D7419A1C5AAE86008D082E /* Build configuration list for PBXProject "CapstoneProjectSER402" */ = {
			isa = XCConfigurationList;
			buildConfigurations = (
				48D741C51C5AAE86008D082E /* Debug */,
				48D741C61C5AAE86008D082E /* Release */,
			);
			defaultConfigurationIsVisible = 0;
			defaultConfigurationName = Release;
		};
		48D741C71C5AAE86008D082E /* Build configuration list for PBXNativeTarget "CapstoneProjectSER402" */ = {
			isa = XCConfigurationList;
			buildConfigurations = (
				48D741C81C5AAE86008D082E /* Debug */,
				48D741C91C5AAE86008D082E /* Release */,
			);
			defaultConfigurationIsVisible = 0;
			defaultConfigurationName = Release;
		};
		48D741CA1C5AAE86008D082E /* Build configuration list for PBXNativeTarget "CapstoneProjectSER402Tests" */ = {
			isa = XCConfigurationList;
			buildConfigurations = (
				48D741CB1C5AAE86008D082E /* Debug */,
				48D741CC1C5AAE86008D082E /* Release */,
			);
			defaultConfigurationIsVisible = 0;
			defaultConfigurationName = Release;
		};
		48D741CD1C5AAE86008D082E /* Build configuration list for PBXNativeTarget "CapstoneProjectSER402UITests" */ = {
			isa = XCConfigurationList;
			buildConfigurations = (
				48D741CE1C5AAE86008D082E /* Debug */,
				48D741CF1C5AAE86008D082E /* Release */,
			);
			defaultConfigurationIsVisible = 0;
			defaultConfigurationName = Release;
		};
/* End XCConfigurationList section */
	};
	rootObject = 48D741971C5AAE86008D082E /* Project object */;
}
